// !$*UTF8*$!
{
	archiveVersion = 1;
	classes = {
	};
	objectVersion = 52;
	objects = {

/* Begin PBXBuildFile section */
		0A2B8B6D2454D87000D9E8E7 /* TodayScreenBuilder.swift in Sources */ = {isa = PBXBuildFile; fileRef = 0A2B8B6C2454D87000D9E8E7 /* TodayScreenBuilder.swift */; };
		0A2B8B6F2454D88500D9E8E7 /* Today.storyboard in Resources */ = {isa = PBXBuildFile; fileRef = 0A2B8B6E2454D88500D9E8E7 /* Today.storyboard */; };
		0A2B8B712454D8B500D9E8E7 /* TodayViewProtocol.swift in Sources */ = {isa = PBXBuildFile; fileRef = 0A2B8B702454D8B500D9E8E7 /* TodayViewProtocol.swift */; };
		0A2B8B732454D8C700D9E8E7 /* TodayPresenterProtocol.swift in Sources */ = {isa = PBXBuildFile; fileRef = 0A2B8B722454D8C700D9E8E7 /* TodayPresenterProtocol.swift */; };
		0A2B8B752454D8E200D9E8E7 /* TodayView.swift in Sources */ = {isa = PBXBuildFile; fileRef = 0A2B8B742454D8E200D9E8E7 /* TodayView.swift */; };
		0A2B8B772454D8F300D9E8E7 /* TodayPresenter.swift in Sources */ = {isa = PBXBuildFile; fileRef = 0A2B8B762454D8F300D9E8E7 /* TodayPresenter.swift */; };
		0A44B3962457631C0023433A /* ProgressRingView.swift in Sources */ = {isa = PBXBuildFile; fileRef = 0A44B3952457631C0023433A /* ProgressRingView.swift */; };
		0A4B4E092464505B00C2350B /* PlaceholderView.swift in Sources */ = {isa = PBXBuildFile; fileRef = 0A4B4E082464505B00C2350B /* PlaceholderView.swift */; };
		0A8BEA822455D24A00AA9880 /* AwardsPresenterProtocol.swift in Sources */ = {isa = PBXBuildFile; fileRef = 0A8BEA7C2455D24A00AA9880 /* AwardsPresenterProtocol.swift */; };
		0A8BEA832455D24A00AA9880 /* AwardsView.swift in Sources */ = {isa = PBXBuildFile; fileRef = 0A8BEA7D2455D24A00AA9880 /* AwardsView.swift */; };
		0A8BEA842455D24A00AA9880 /* AwardsPresenter.swift in Sources */ = {isa = PBXBuildFile; fileRef = 0A8BEA7E2455D24A00AA9880 /* AwardsPresenter.swift */; };
		0A8BEA852455D24A00AA9880 /* AwardsViewProtocol.swift in Sources */ = {isa = PBXBuildFile; fileRef = 0A8BEA7F2455D24A00AA9880 /* AwardsViewProtocol.swift */; };
		0A8BEA862455D24A00AA9880 /* AwardsScreenBuilder.swift in Sources */ = {isa = PBXBuildFile; fileRef = 0A8BEA802455D24A00AA9880 /* AwardsScreenBuilder.swift */; };
		0A8BEA902455D45A00AA9880 /* SettingsView.swift in Sources */ = {isa = PBXBuildFile; fileRef = 0A8BEA8A2455D45900AA9880 /* SettingsView.swift */; };
		0A8BEA912455D45A00AA9880 /* SettingsPresenter.swift in Sources */ = {isa = PBXBuildFile; fileRef = 0A8BEA8B2455D45900AA9880 /* SettingsPresenter.swift */; };
		0A8BEA922455D45A00AA9880 /* SettingsViewProtocol.swift in Sources */ = {isa = PBXBuildFile; fileRef = 0A8BEA8C2455D45900AA9880 /* SettingsViewProtocol.swift */; };
		0A8BEA932455D45A00AA9880 /* SettingsPresenterProtocol.swift in Sources */ = {isa = PBXBuildFile; fileRef = 0A8BEA8D2455D45900AA9880 /* SettingsPresenterProtocol.swift */; };
		0A8BEA942455D45A00AA9880 /* SettingsScreenBuilder.swift in Sources */ = {isa = PBXBuildFile; fileRef = 0A8BEA8E2455D45900AA9880 /* SettingsScreenBuilder.swift */; };
		0A8BEA952455D45A00AA9880 /* Settings.storyboard in Resources */ = {isa = PBXBuildFile; fileRef = 0A8BEA8F2455D45900AA9880 /* Settings.storyboard */; };
		0ACB982224546717007BF01D /* AppDelegate.swift in Sources */ = {isa = PBXBuildFile; fileRef = 0ACB982124546717007BF01D /* AppDelegate.swift */; };
		0ACB982B24546719007BF01D /* Assets.xcassets in Resources */ = {isa = PBXBuildFile; fileRef = 0ACB982A24546719007BF01D /* Assets.xcassets */; };
		0ACB982E24546719007BF01D /* LaunchScreen.storyboard in Resources */ = {isa = PBXBuildFile; fileRef = 0ACB982C24546719007BF01D /* LaunchScreen.storyboard */; };
		0ACB9846245467BC007BF01D /* UIViewController+ViewControllerName.swift in Sources */ = {isa = PBXBuildFile; fileRef = 0ACB9845245467BC007BF01D /* UIViewController+ViewControllerName.swift */; };
		0ACB9848245467D6007BF01D /* ViewControllerName.swift in Sources */ = {isa = PBXBuildFile; fileRef = 0ACB9847245467D6007BF01D /* ViewControllerName.swift */; };
		0ACB984A245467F5007BF01D /* ScreenBuilder.swift in Sources */ = {isa = PBXBuildFile; fileRef = 0ACB9849245467F5007BF01D /* ScreenBuilder.swift */; };
		0ACB984E24546887007BF01D /* HistoryScreenBuilder.swift in Sources */ = {isa = PBXBuildFile; fileRef = 0ACB984D24546887007BF01D /* HistoryScreenBuilder.swift */; };
		0ACB9851245468AF007BF01D /* HistoryViewProtocol.swift in Sources */ = {isa = PBXBuildFile; fileRef = 0ACB9850245468AF007BF01D /* HistoryViewProtocol.swift */; };
		0ACB9853245468DC007BF01D /* HistoryPresenterProtocol.swift in Sources */ = {isa = PBXBuildFile; fileRef = 0ACB9852245468DC007BF01D /* HistoryPresenterProtocol.swift */; };
		0ACB9855245468E7007BF01D /* HistoryView.swift in Sources */ = {isa = PBXBuildFile; fileRef = 0ACB9854245468E7007BF01D /* HistoryView.swift */; };
		0ACB9857245468EC007BF01D /* HistoryPresenter.swift in Sources */ = {isa = PBXBuildFile; fileRef = 0ACB9856245468EC007BF01D /* HistoryPresenter.swift */; };
		0ACB985924546924007BF01D /* History.storyboard in Resources */ = {isa = PBXBuildFile; fileRef = 0ACB985824546924007BF01D /* History.storyboard */; };
		0ACB985B24547236007BF01D /* DarkNavController.swift in Sources */ = {isa = PBXBuildFile; fileRef = 0ACB985A24547236007BF01D /* DarkNavController.swift */; };
		0ACB986024549DBC007BF01D /* TabBarScreenBuilder.swift in Sources */ = {isa = PBXBuildFile; fileRef = 0ACB985F24549DBC007BF01D /* TabBarScreenBuilder.swift */; };
		0ACB986224549DC4007BF01D /* TabBar.storyboard in Resources */ = {isa = PBXBuildFile; fileRef = 0ACB986124549DC4007BF01D /* TabBar.storyboard */; };
		0ACB986524549DE2007BF01D /* TabBarViewProtocol.swift in Sources */ = {isa = PBXBuildFile; fileRef = 0ACB986424549DE2007BF01D /* TabBarViewProtocol.swift */; };
		0ACB986724549DED007BF01D /* TabBarPresenterProtocol.swift in Sources */ = {isa = PBXBuildFile; fileRef = 0ACB986624549DED007BF01D /* TabBarPresenterProtocol.swift */; };
		0ACB986924549DF5007BF01D /* TabBarView.swift in Sources */ = {isa = PBXBuildFile; fileRef = 0ACB986824549DF5007BF01D /* TabBarView.swift */; };
		0ACB986B24549DFE007BF01D /* TabBarPresenter.swift in Sources */ = {isa = PBXBuildFile; fileRef = 0ACB986A24549DFE007BF01D /* TabBarPresenter.swift */; };
		0ACB986D2454AEEB007BF01D /* DarkTabBarController.swift in Sources */ = {isa = PBXBuildFile; fileRef = 0ACB986C2454AEEB007BF01D /* DarkTabBarController.swift */; };
		0AD151122454EFB400F45042 /* TrendsScreenBuilder.swift in Sources */ = {isa = PBXBuildFile; fileRef = 0AD151112454EFB400F45042 /* TrendsScreenBuilder.swift */; };
		0AD151152454EFDC00F45042 /* TrendsViewProtocol.swift in Sources */ = {isa = PBXBuildFile; fileRef = 0AD151142454EFDC00F45042 /* TrendsViewProtocol.swift */; };
		0AD151172454EFE300F45042 /* TrendsPresenterProtocol.swift in Sources */ = {isa = PBXBuildFile; fileRef = 0AD151162454EFE300F45042 /* TrendsPresenterProtocol.swift */; };
		0AD151192454EFEB00F45042 /* TrendsView.swift in Sources */ = {isa = PBXBuildFile; fileRef = 0AD151182454EFEB00F45042 /* TrendsView.swift */; };
		0AD1511B2454EFF600F45042 /* TrendsPresenter.swift in Sources */ = {isa = PBXBuildFile; fileRef = 0AD1511A2454EFF600F45042 /* TrendsPresenter.swift */; };
		0AD1511D2454F00100F45042 /* Trends.storyboard in Resources */ = {isa = PBXBuildFile; fileRef = 0AD1511C2454F00100F45042 /* Trends.storyboard */; };
		36031F6725D429070016EBC7 /* Colours.xcassets in Resources */ = {isa = PBXBuildFile; fileRef = 36031F6625D429070016EBC7 /* Colours.xcassets */; };
		3605E3F42600E14B00FFE3C2 /* TrendsScreenBuilderTestCase.swift in Sources */ = {isa = PBXBuildFile; fileRef = 3605E3F32600E14B00FFE3C2 /* TrendsScreenBuilderTestCase.swift */; };
		3605E3F92600E22400FFE3C2 /* TrendsPresenterTestCase.swift in Sources */ = {isa = PBXBuildFile; fileRef = 3605E3F82600E22400FFE3C2 /* TrendsPresenterTestCase.swift */; };
		360CAA0225F69F9900C7676A /* HistoryScreenBuilderTestCase.swift in Sources */ = {isa = PBXBuildFile; fileRef = 360CAA0125F69F9900C7676A /* HistoryScreenBuilderTestCase.swift */; };
		360CAA0825F6A01300C7676A /* HistoryPresenterTestCase.swift in Sources */ = {isa = PBXBuildFile; fileRef = 360CAA0725F6A01300C7676A /* HistoryPresenterTestCase.swift */; };
		362A52A125EFA59800B6AA8D /* CoreDataControllerProtocol.swift in Sources */ = {isa = PBXBuildFile; fileRef = 362A52A025EFA59800B6AA8D /* CoreDataControllerProtocol.swift */; };
		362A52A525EFA68100B6AA8D /* Drip.xcdatamodeld in Sources */ = {isa = PBXBuildFile; fileRef = 362A52A325EFA68100B6AA8D /* Drip.xcdatamodeld */; };
		362A52DE25EFAA2600B6AA8D /* CoreDataController.swift in Sources */ = {isa = PBXBuildFile; fileRef = 362A52DD25EFAA2600B6AA8D /* CoreDataController.swift */; };
		362A52E125EFACFB00B6AA8D /* PersistentDataViewProtocol.swift in Sources */ = {isa = PBXBuildFile; fileRef = 362A52E025EFACFB00B6AA8D /* PersistentDataViewProtocol.swift */; };
		362BF72C260DF1D40065183D /* OnboardingPage2Cell.swift in Sources */ = {isa = PBXBuildFile; fileRef = 362BF72B260DF1D40065183D /* OnboardingPage2Cell.swift */; };
		36406025261208D000C00117 /* MockUserDefaultsController.swift in Sources */ = {isa = PBXBuildFile; fileRef = 36406024261208D000C00117 /* MockUserDefaultsController.swift */; };
		3644493F25FFC54D006E1B0F /* Date+Extensions.swift in Sources */ = {isa = PBXBuildFile; fileRef = 3644493E25FFC54D006E1B0F /* Date+Extensions.swift */; };
		3644EA34261BB85E00E257CC /* Award+CoreDataClass.swift in Sources */ = {isa = PBXBuildFile; fileRef = 3644EA2E261BB85E00E257CC /* Award+CoreDataClass.swift */; };
		3644EA35261BB85E00E257CC /* Award+CoreDataProperties.swift in Sources */ = {isa = PBXBuildFile; fileRef = 3644EA2F261BB85E00E257CC /* Award+CoreDataProperties.swift */; };
		3644EA36261BB85E00E257CC /* Drink+CoreDataClass.swift in Sources */ = {isa = PBXBuildFile; fileRef = 3644EA30261BB85E00E257CC /* Drink+CoreDataClass.swift */; };
		3644EA37261BB85E00E257CC /* Drink+CoreDataProperties.swift in Sources */ = {isa = PBXBuildFile; fileRef = 3644EA31261BB85E00E257CC /* Drink+CoreDataProperties.swift */; };
		3644EA38261BB85E00E257CC /* Day+CoreDataClass.swift in Sources */ = {isa = PBXBuildFile; fileRef = 3644EA32261BB85E00E257CC /* Day+CoreDataClass.swift */; };
		3644EA39261BB85E00E257CC /* Day+CoreDataProperties.swift in Sources */ = {isa = PBXBuildFile; fileRef = 3644EA33261BB85E00E257CC /* Day+CoreDataProperties.swift */; };
		3644F1E026101FAD0012FF09 /* FSCalendar in Frameworks */ = {isa = PBXBuildFile; productRef = 3644F1DF26101FAD0012FF09 /* FSCalendar */; };
		364A927C256BE91400F84985 /* TodayScreenBuilderTestCase.swift in Sources */ = {isa = PBXBuildFile; fileRef = 364A927B256BE91400F84985 /* TodayScreenBuilderTestCase.swift */; };
		364A9280256BE93500F84985 /* TodayPresenterTestCase.swift in Sources */ = {isa = PBXBuildFile; fileRef = 364A927F256BE93500F84985 /* TodayPresenterTestCase.swift */; };
		364BB8002621CEFD009CAEE6 /* SettingsDetailScreenBuilder.swift in Sources */ = {isa = PBXBuildFile; fileRef = 364BB7FF2621CEFD009CAEE6 /* SettingsDetailScreenBuilder.swift */; };
		364BB8052621CF41009CAEE6 /* SettingsDetailView.swift in Sources */ = {isa = PBXBuildFile; fileRef = 364BB8042621CF41009CAEE6 /* SettingsDetailView.swift */; };
		364BB8082621EA52009CAEE6 /* SettingsDetailViewProtocol.swift in Sources */ = {isa = PBXBuildFile; fileRef = 364BB8072621EA52009CAEE6 /* SettingsDetailViewProtocol.swift */; };
		364BB80B2621EA59009CAEE6 /* SettingsDetailPresenter.swift in Sources */ = {isa = PBXBuildFile; fileRef = 364BB80A2621EA59009CAEE6 /* SettingsDetailPresenter.swift */; };
		364BB80E2621EA61009CAEE6 /* SettingsDetailPresenterProtocol.swift in Sources */ = {isa = PBXBuildFile; fileRef = 364BB80D2621EA61009CAEE6 /* SettingsDetailPresenterProtocol.swift */; };
		364E80B92623331700954E8B /* CoefficientTableViewCell.swift in Sources */ = {isa = PBXBuildFile; fileRef = 364E80B82623331700954E8B /* CoefficientTableViewCell.swift */; };
		364E80BD2623487400954E8B /* GradientView.swift in Sources */ = {isa = PBXBuildFile; fileRef = 364E80BC2623487400954E8B /* GradientView.swift */; };
		364E80C0262354B500954E8B /* DrinksList.swift in Sources */ = {isa = PBXBuildFile; fileRef = 364E80BF262354B500954E8B /* DrinksList.swift */; };
		36538D04260CB0D300CFB656 /* UserDefaultsControllerProtocol.swift in Sources */ = {isa = PBXBuildFile; fileRef = 36538D03260CB0D300CFB656 /* UserDefaultsControllerProtocol.swift */; };
		36538D0C260CDAD300CFB656 /* OnboardingPagesScreenBuilder.swift in Sources */ = {isa = PBXBuildFile; fileRef = 36538D0B260CDAD300CFB656 /* OnboardingPagesScreenBuilder.swift */; };
		36538D13260CDBC700CFB656 /* OnboardingPagesViewProtocol.swift in Sources */ = {isa = PBXBuildFile; fileRef = 36538D12260CDBC700CFB656 /* OnboardingPagesViewProtocol.swift */; };
		36538D16260CDBD400CFB656 /* OnboardingPagesPresenterProtocol.swift in Sources */ = {isa = PBXBuildFile; fileRef = 36538D15260CDBD400CFB656 /* OnboardingPagesPresenterProtocol.swift */; };
		36538D19260CDBDC00CFB656 /* OnboardingPagesView.swift in Sources */ = {isa = PBXBuildFile; fileRef = 36538D18260CDBDC00CFB656 /* OnboardingPagesView.swift */; };
		36538D1C260CDBE200CFB656 /* OnboardingPagesPresenter.swift in Sources */ = {isa = PBXBuildFile; fileRef = 36538D1B260CDBE200CFB656 /* OnboardingPagesPresenter.swift */; };
		3655D96B2610B6AB002B95EE /* OnboardingPage3Cell.swift in Sources */ = {isa = PBXBuildFile; fileRef = 3655D96A2610B6AB002B95EE /* OnboardingPage3Cell.swift */; };
		3655D96E2610DCF7002B95EE /* OnboardingPage4Cell.swift in Sources */ = {isa = PBXBuildFile; fileRef = 3655D96D2610DCF7002B95EE /* OnboardingPage4Cell.swift */; };
		3657BFD32625C49500C9B7AA /* SettingsScreenBuilderTestCase.swift in Sources */ = {isa = PBXBuildFile; fileRef = 3657BFD22625C49500C9B7AA /* SettingsScreenBuilderTestCase.swift */; };
		3657BFD82625C4EE00C9B7AA /* SettingsPresenterTestCase.swift in Sources */ = {isa = PBXBuildFile; fileRef = 3657BFD72625C4EE00C9B7AA /* SettingsPresenterTestCase.swift */; };
		365F642F262079BD00A9B4C0 /* SettingsCell.swift in Sources */ = {isa = PBXBuildFile; fileRef = 365F642E262079BD00A9B4C0 /* SettingsCell.swift */; };
		365F6432262098E700A9B4C0 /* Bundle+Extensions.swift in Sources */ = {isa = PBXBuildFile; fileRef = 365F6431262098E700A9B4C0 /* Bundle+Extensions.swift */; };
		3665E6B4261DF8C600DB6971 /* AwardsDetailScreenBuilder.swift in Sources */ = {isa = PBXBuildFile; fileRef = 3665E6B3261DF8C600DB6971 /* AwardsDetailScreenBuilder.swift */; };
		3665E6B8261DF92C00DB6971 /* AwardsDetailPresenterProtocol.swift in Sources */ = {isa = PBXBuildFile; fileRef = 3665E6B7261DF92C00DB6971 /* AwardsDetailPresenterProtocol.swift */; };
		3665E6BB261DF93700DB6971 /* AwardsDetailViewProtocol.swift in Sources */ = {isa = PBXBuildFile; fileRef = 3665E6BA261DF93700DB6971 /* AwardsDetailViewProtocol.swift */; };
		3665E6BE261DF94000DB6971 /* AwardsDetailPresenter.swift in Sources */ = {isa = PBXBuildFile; fileRef = 3665E6BD261DF94000DB6971 /* AwardsDetailPresenter.swift */; };
		366DFC30260B8945009BEAC5 /* UserDefaultsController.swift in Sources */ = {isa = PBXBuildFile; fileRef = 366DFC2F260B8945009BEAC5 /* UserDefaultsController.swift */; };
		3675583A260D15F40099C61A /* OnboardingPage1Cell.swift in Sources */ = {isa = PBXBuildFile; fileRef = 36755839260D15F40099C61A /* OnboardingPage1Cell.swift */; };
		3677D436260630B20086E89A /* DrinksLauncher.swift in Sources */ = {isa = PBXBuildFile; fileRef = 3677D435260630B20086E89A /* DrinksLauncher.swift */; };
		3677D439260630E10086E89A /* DrinksCell.swift in Sources */ = {isa = PBXBuildFile; fileRef = 3677D438260630E10086E89A /* DrinksCell.swift */; };
		3677D43C260631230086E89A /* QuickDrinkView.swift in Sources */ = {isa = PBXBuildFile; fileRef = 3677D43B260631230086E89A /* QuickDrinkView.swift */; };
		3677D43F260633C30086E89A /* UIView+Extensions.swift in Sources */ = {isa = PBXBuildFile; fileRef = 3677D43E260633C30086E89A /* UIView+Extensions.swift */; };
		3680E0CB24B3BC2E009E9DB8 /* UIFont+Extensions.swift in Sources */ = {isa = PBXBuildFile; fileRef = 3680E0CA24B3BC2E009E9DB8 /* UIFont+Extensions.swift */; };
		3680E0CD24B3BF50009E9DB8 /* UIColor+Extensions.swift in Sources */ = {isa = PBXBuildFile; fileRef = 3680E0CC24B3BF50009E9DB8 /* UIColor+Extensions.swift */; };
		3680E0CF24B3C8CC009E9DB8 /* GradientBarView.swift in Sources */ = {isa = PBXBuildFile; fileRef = 3680E0CE24B3C8CC009E9DB8 /* GradientBarView.swift */; };
		36830E692611FFF600E55C7A /* OnboardingScreenBuilderTestCase.swift in Sources */ = {isa = PBXBuildFile; fileRef = 36830E682611FFF600E55C7A /* OnboardingScreenBuilderTestCase.swift */; };
		36830E6E2612005900E55C7A /* OnboardingPagesPresenterTestCase.swift in Sources */ = {isa = PBXBuildFile; fileRef = 36830E6D2612005900E55C7A /* OnboardingPagesPresenterTestCase.swift */; };
		36877C1F25F9068B00918E04 /* TrendsCollectionViewCell.swift in Sources */ = {isa = PBXBuildFile; fileRef = 36877C1E25F9068B00918E04 /* TrendsCollectionViewCell.swift */; };
		36877C2225F917E300918E04 /* TrendsHeaderView.swift in Sources */ = {isa = PBXBuildFile; fileRef = 36877C2125F917E300918E04 /* TrendsHeaderView.swift */; };
		368BAE2A25DC7A4F00D799F2 /* CustomFSCell.swift in Sources */ = {isa = PBXBuildFile; fileRef = 368BAE2925DC7A4F00D799F2 /* CustomFSCell.swift */; };
		36905775261DE267001FE2C6 /* AwardsScreenBuilderTestCase.swift in Sources */ = {isa = PBXBuildFile; fileRef = 36905774261DE267001FE2C6 /* AwardsScreenBuilderTestCase.swift */; };
		3690577A261DE2A8001FE2C6 /* AwardsPresenterTestCase.swift in Sources */ = {isa = PBXBuildFile; fileRef = 36905779261DE2A8001FE2C6 /* AwardsPresenterTestCase.swift */; };
		36A0A912261B46CE00F1BE8B /* AwardsDetailView.swift in Sources */ = {isa = PBXBuildFile; fileRef = 36A0A911261B46CE00F1BE8B /* AwardsDetailView.swift */; };
		36A0A916261B4E7400F1BE8B /* LockedAwardDataSource.swift in Sources */ = {isa = PBXBuildFile; fileRef = 36A0A915261B4E7400F1BE8B /* LockedAwardDataSource.swift */; };
		36A0A91D261B557F00F1BE8B /* TenDrinksAwardDataSource.swift in Sources */ = {isa = PBXBuildFile; fileRef = 36A0A91C261B557F00F1BE8B /* TenDrinksAwardDataSource.swift */; };
		36A0A921261B565200F1BE8B /* FiftyDrinksAwardDataSource.swift in Sources */ = {isa = PBXBuildFile; fileRef = 36A0A920261B565200F1BE8B /* FiftyDrinksAwardDataSource.swift */; };
		36A0A927261B56EF00F1BE8B /* HundredDrinksAwardDataSource.swift in Sources */ = {isa = PBXBuildFile; fileRef = 36A0A926261B56EF00F1BE8B /* HundredDrinksAwardDataSource.swift */; };
		36A0A92A261B578A00F1BE8B /* FiveHundredDrinksAwardDataSource.swift in Sources */ = {isa = PBXBuildFile; fileRef = 36A0A929261B578A00F1BE8B /* FiveHundredDrinksAwardDataSource.swift */; };
		36A0A92D261B584400F1BE8B /* SevenDayBestAwardDataSource.swift in Sources */ = {isa = PBXBuildFile; fileRef = 36A0A92C261B584400F1BE8B /* SevenDayBestAwardDataSource.swift */; };
		36A0A930261B58E700F1BE8B /* AwardsDetailDataSourceProtocol.swift in Sources */ = {isa = PBXBuildFile; fileRef = 36A0A92F261B58E700F1BE8B /* AwardsDetailDataSourceProtocol.swift */; };
		36A0A934261B592B00F1BE8B /* TwentyEightStreakAwardDataSource.swift in Sources */ = {isa = PBXBuildFile; fileRef = 36A0A933261B592B00F1BE8B /* TwentyEightStreakAwardDataSource.swift */; };
		36A0A937261B59B900F1BE8B /* NinetyDayStreakAwardDataSource.swift in Sources */ = {isa = PBXBuildFile; fileRef = 36A0A936261B59B900F1BE8B /* NinetyDayStreakAwardDataSource.swift */; };
		36A0A93A261B5A3000F1BE8B /* YearStreakAwardDataSource.swift in Sources */ = {isa = PBXBuildFile; fileRef = 36A0A939261B5A3000F1BE8B /* YearStreakAwardDataSource.swift */; };
		36A0A945261B6C3E00F1BE8B /* SwiftConfettiView in Frameworks */ = {isa = PBXBuildFile; productRef = 36A0A944261B6C3E00F1BE8B /* SwiftConfettiView */; };
		36A37EEF261CC98100BB7C15 /* ThreeUniqueDrinksAwardDataSource.swift in Sources */ = {isa = PBXBuildFile; fileRef = 36A37EEE261CC98100BB7C15 /* ThreeUniqueDrinksAwardDataSource.swift */; };
		36A37EF2261CCA0F00BB7C15 /* FiveUniqueDrinksAwardDataSource.swift in Sources */ = {isa = PBXBuildFile; fileRef = 36A37EF1261CCA0F00BB7C15 /* FiveUniqueDrinksAwardDataSource.swift */; };
		36A37EF5261CCA8600BB7C15 /* SevenUniqueDrinksAwardDataSource.swift in Sources */ = {isa = PBXBuildFile; fileRef = 36A37EF4261CCA8600BB7C15 /* SevenUniqueDrinksAwardDataSource.swift */; };
		36A37EF8261CCC2300BB7C15 /* LitreDrinkAwardDataSource.swift in Sources */ = {isa = PBXBuildFile; fileRef = 36A37EF7261CCC2300BB7C15 /* LitreDrinkAwardDataSource.swift */; };
		36A37EFB261CCC7000BB7C15 /* FiftymlDrinkAwardDataSource.swift in Sources */ = {isa = PBXBuildFile; fileRef = 36A37EFA261CCC7000BB7C15 /* FiftymlDrinkAwardDataSource.swift */; };
		36A37EFE261CCCC600BB7C15 /* MissingDrinkAwardDataSource.swift in Sources */ = {isa = PBXBuildFile; fileRef = 36A37EFD261CCCC600BB7C15 /* MissingDrinkAwardDataSource.swift */; };
		36B6F46825DD78FA004A7EA5 /* DrinkTableViewCell.swift in Sources */ = {isa = PBXBuildFile; fileRef = 36B6F46725DD78FA004A7EA5 /* DrinkTableViewCell.swift */; };
		36BFF50F25D17653003456F3 /* RoundDrinkButton.swift in Sources */ = {isa = PBXBuildFile; fileRef = 36BFF50E25D17653003456F3 /* RoundDrinkButton.swift */; };
		36C1F6EA261E005300224846 /* AwardsDetailScreenBuilderTestCase.swift in Sources */ = {isa = PBXBuildFile; fileRef = 36C1F6E9261E005300224846 /* AwardsDetailScreenBuilderTestCase.swift */; };
		36C1F6EF261E007A00224846 /* AwardsDetailPresenterTestCase.swift in Sources */ = {isa = PBXBuildFile; fileRef = 36C1F6EE261E007A00224846 /* AwardsDetailPresenterTestCase.swift */; };
/* End PBXBuildFile section */

/* Begin PBXContainerItemProxy section */
		0ACB983524546719007BF01D /* PBXContainerItemProxy */ = {
			isa = PBXContainerItemProxy;
			containerPortal = 0ACB981624546717007BF01D /* Project object */;
			proxyType = 1;
			remoteGlobalIDString = 0ACB981D24546717007BF01D;
			remoteInfo = Drip;
		};
/* End PBXContainerItemProxy section */

/* Begin PBXCopyFilesBuildPhase section */
		0A51100A2455E2F900E591C7 /* Embed Frameworks */ = {
			isa = PBXCopyFilesBuildPhase;
			buildActionMask = 2147483647;
			dstPath = "";
			dstSubfolderSpec = 10;
			files = (
			);
			name = "Embed Frameworks";
			runOnlyForDeploymentPostprocessing = 0;
		};
/* End PBXCopyFilesBuildPhase section */

/* Begin PBXFileReference section */
		0A2B8B6C2454D87000D9E8E7 /* TodayScreenBuilder.swift */ = {isa = PBXFileReference; lastKnownFileType = sourcecode.swift; path = TodayScreenBuilder.swift; sourceTree = "<group>"; };
		0A2B8B6E2454D88500D9E8E7 /* Today.storyboard */ = {isa = PBXFileReference; lastKnownFileType = file.storyboard; path = Today.storyboard; sourceTree = "<group>"; };
		0A2B8B702454D8B500D9E8E7 /* TodayViewProtocol.swift */ = {isa = PBXFileReference; lastKnownFileType = sourcecode.swift; path = TodayViewProtocol.swift; sourceTree = "<group>"; };
		0A2B8B722454D8C700D9E8E7 /* TodayPresenterProtocol.swift */ = {isa = PBXFileReference; lastKnownFileType = sourcecode.swift; path = TodayPresenterProtocol.swift; sourceTree = "<group>"; };
		0A2B8B742454D8E200D9E8E7 /* TodayView.swift */ = {isa = PBXFileReference; lastKnownFileType = sourcecode.swift; path = TodayView.swift; sourceTree = "<group>"; };
		0A2B8B762454D8F300D9E8E7 /* TodayPresenter.swift */ = {isa = PBXFileReference; lastKnownFileType = sourcecode.swift; path = TodayPresenter.swift; sourceTree = "<group>"; };
		0A44B3952457631C0023433A /* ProgressRingView.swift */ = {isa = PBXFileReference; lastKnownFileType = sourcecode.swift; path = ProgressRingView.swift; sourceTree = "<group>"; };
		0A4B4E082464505B00C2350B /* PlaceholderView.swift */ = {isa = PBXFileReference; lastKnownFileType = sourcecode.swift; path = PlaceholderView.swift; sourceTree = "<group>"; };
		0A8BEA7C2455D24A00AA9880 /* AwardsPresenterProtocol.swift */ = {isa = PBXFileReference; fileEncoding = 4; lastKnownFileType = sourcecode.swift; path = AwardsPresenterProtocol.swift; sourceTree = "<group>"; };
		0A8BEA7D2455D24A00AA9880 /* AwardsView.swift */ = {isa = PBXFileReference; fileEncoding = 4; lastKnownFileType = sourcecode.swift; path = AwardsView.swift; sourceTree = "<group>"; };
		0A8BEA7E2455D24A00AA9880 /* AwardsPresenter.swift */ = {isa = PBXFileReference; fileEncoding = 4; lastKnownFileType = sourcecode.swift; path = AwardsPresenter.swift; sourceTree = "<group>"; };
		0A8BEA7F2455D24A00AA9880 /* AwardsViewProtocol.swift */ = {isa = PBXFileReference; fileEncoding = 4; lastKnownFileType = sourcecode.swift; path = AwardsViewProtocol.swift; sourceTree = "<group>"; };
		0A8BEA802455D24A00AA9880 /* AwardsScreenBuilder.swift */ = {isa = PBXFileReference; fileEncoding = 4; lastKnownFileType = sourcecode.swift; path = AwardsScreenBuilder.swift; sourceTree = "<group>"; };
		0A8BEA8A2455D45900AA9880 /* SettingsView.swift */ = {isa = PBXFileReference; fileEncoding = 4; lastKnownFileType = sourcecode.swift; path = SettingsView.swift; sourceTree = "<group>"; };
		0A8BEA8B2455D45900AA9880 /* SettingsPresenter.swift */ = {isa = PBXFileReference; fileEncoding = 4; lastKnownFileType = sourcecode.swift; path = SettingsPresenter.swift; sourceTree = "<group>"; };
		0A8BEA8C2455D45900AA9880 /* SettingsViewProtocol.swift */ = {isa = PBXFileReference; fileEncoding = 4; lastKnownFileType = sourcecode.swift; path = SettingsViewProtocol.swift; sourceTree = "<group>"; };
		0A8BEA8D2455D45900AA9880 /* SettingsPresenterProtocol.swift */ = {isa = PBXFileReference; fileEncoding = 4; lastKnownFileType = sourcecode.swift; path = SettingsPresenterProtocol.swift; sourceTree = "<group>"; };
		0A8BEA8E2455D45900AA9880 /* SettingsScreenBuilder.swift */ = {isa = PBXFileReference; fileEncoding = 4; lastKnownFileType = sourcecode.swift; path = SettingsScreenBuilder.swift; sourceTree = "<group>"; };
		0A8BEA8F2455D45900AA9880 /* Settings.storyboard */ = {isa = PBXFileReference; fileEncoding = 4; lastKnownFileType = file.storyboard; path = Settings.storyboard; sourceTree = "<group>"; };
		0ACB981E24546717007BF01D /* Drip.app */ = {isa = PBXFileReference; explicitFileType = wrapper.application; includeInIndex = 0; path = Drip.app; sourceTree = BUILT_PRODUCTS_DIR; };
		0ACB982124546717007BF01D /* AppDelegate.swift */ = {isa = PBXFileReference; lastKnownFileType = sourcecode.swift; path = AppDelegate.swift; sourceTree = "<group>"; };
		0ACB982A24546719007BF01D /* Assets.xcassets */ = {isa = PBXFileReference; lastKnownFileType = folder.assetcatalog; path = Assets.xcassets; sourceTree = "<group>"; };
		0ACB982D24546719007BF01D /* Base */ = {isa = PBXFileReference; lastKnownFileType = file.storyboard; name = Base; path = Base.lproj/LaunchScreen.storyboard; sourceTree = "<group>"; };
		0ACB982F24546719007BF01D /* Info.plist */ = {isa = PBXFileReference; lastKnownFileType = text.plist.xml; path = Info.plist; sourceTree = "<group>"; };
		0ACB983424546719007BF01D /* DripTests.xctest */ = {isa = PBXFileReference; explicitFileType = wrapper.cfbundle; includeInIndex = 0; path = DripTests.xctest; sourceTree = BUILT_PRODUCTS_DIR; };
		0ACB983A24546719007BF01D /* Info.plist */ = {isa = PBXFileReference; lastKnownFileType = text.plist.xml; path = Info.plist; sourceTree = "<group>"; };
		0ACB9845245467BC007BF01D /* UIViewController+ViewControllerName.swift */ = {isa = PBXFileReference; lastKnownFileType = sourcecode.swift; path = "UIViewController+ViewControllerName.swift"; sourceTree = "<group>"; };
		0ACB9847245467D6007BF01D /* ViewControllerName.swift */ = {isa = PBXFileReference; lastKnownFileType = sourcecode.swift; path = ViewControllerName.swift; sourceTree = "<group>"; };
		0ACB9849245467F5007BF01D /* ScreenBuilder.swift */ = {isa = PBXFileReference; lastKnownFileType = sourcecode.swift; path = ScreenBuilder.swift; sourceTree = "<group>"; };
		0ACB984D24546887007BF01D /* HistoryScreenBuilder.swift */ = {isa = PBXFileReference; lastKnownFileType = sourcecode.swift; path = HistoryScreenBuilder.swift; sourceTree = "<group>"; };
		0ACB9850245468AF007BF01D /* HistoryViewProtocol.swift */ = {isa = PBXFileReference; lastKnownFileType = sourcecode.swift; path = HistoryViewProtocol.swift; sourceTree = "<group>"; };
		0ACB9852245468DC007BF01D /* HistoryPresenterProtocol.swift */ = {isa = PBXFileReference; lastKnownFileType = sourcecode.swift; path = HistoryPresenterProtocol.swift; sourceTree = "<group>"; };
		0ACB9854245468E7007BF01D /* HistoryView.swift */ = {isa = PBXFileReference; lastKnownFileType = sourcecode.swift; path = HistoryView.swift; sourceTree = "<group>"; };
		0ACB9856245468EC007BF01D /* HistoryPresenter.swift */ = {isa = PBXFileReference; lastKnownFileType = sourcecode.swift; path = HistoryPresenter.swift; sourceTree = "<group>"; };
		0ACB985824546924007BF01D /* History.storyboard */ = {isa = PBXFileReference; lastKnownFileType = file.storyboard; path = History.storyboard; sourceTree = "<group>"; };
		0ACB985A24547236007BF01D /* DarkNavController.swift */ = {isa = PBXFileReference; lastKnownFileType = sourcecode.swift; path = DarkNavController.swift; sourceTree = "<group>"; };
		0ACB985F24549DBC007BF01D /* TabBarScreenBuilder.swift */ = {isa = PBXFileReference; lastKnownFileType = sourcecode.swift; path = TabBarScreenBuilder.swift; sourceTree = "<group>"; };
		0ACB986124549DC4007BF01D /* TabBar.storyboard */ = {isa = PBXFileReference; lastKnownFileType = file.storyboard; path = TabBar.storyboard; sourceTree = "<group>"; };
		0ACB986424549DE2007BF01D /* TabBarViewProtocol.swift */ = {isa = PBXFileReference; lastKnownFileType = sourcecode.swift; path = TabBarViewProtocol.swift; sourceTree = "<group>"; };
		0ACB986624549DED007BF01D /* TabBarPresenterProtocol.swift */ = {isa = PBXFileReference; lastKnownFileType = sourcecode.swift; path = TabBarPresenterProtocol.swift; sourceTree = "<group>"; };
		0ACB986824549DF5007BF01D /* TabBarView.swift */ = {isa = PBXFileReference; lastKnownFileType = sourcecode.swift; path = TabBarView.swift; sourceTree = "<group>"; };
		0ACB986A24549DFE007BF01D /* TabBarPresenter.swift */ = {isa = PBXFileReference; lastKnownFileType = sourcecode.swift; path = TabBarPresenter.swift; sourceTree = "<group>"; };
		0ACB986C2454AEEB007BF01D /* DarkTabBarController.swift */ = {isa = PBXFileReference; lastKnownFileType = sourcecode.swift; path = DarkTabBarController.swift; sourceTree = "<group>"; };
		0AD151112454EFB400F45042 /* TrendsScreenBuilder.swift */ = {isa = PBXFileReference; lastKnownFileType = sourcecode.swift; path = TrendsScreenBuilder.swift; sourceTree = "<group>"; };
		0AD151142454EFDC00F45042 /* TrendsViewProtocol.swift */ = {isa = PBXFileReference; lastKnownFileType = sourcecode.swift; path = TrendsViewProtocol.swift; sourceTree = "<group>"; };
		0AD151162454EFE300F45042 /* TrendsPresenterProtocol.swift */ = {isa = PBXFileReference; lastKnownFileType = sourcecode.swift; path = TrendsPresenterProtocol.swift; sourceTree = "<group>"; };
		0AD151182454EFEB00F45042 /* TrendsView.swift */ = {isa = PBXFileReference; lastKnownFileType = sourcecode.swift; path = TrendsView.swift; sourceTree = "<group>"; };
		0AD1511A2454EFF600F45042 /* TrendsPresenter.swift */ = {isa = PBXFileReference; lastKnownFileType = sourcecode.swift; path = TrendsPresenter.swift; sourceTree = "<group>"; };
		0AD1511C2454F00100F45042 /* Trends.storyboard */ = {isa = PBXFileReference; lastKnownFileType = file.storyboard; path = Trends.storyboard; sourceTree = "<group>"; };
		36031F6625D429070016EBC7 /* Colours.xcassets */ = {isa = PBXFileReference; lastKnownFileType = folder.assetcatalog; path = Colours.xcassets; sourceTree = "<group>"; };
		3605E3F32600E14B00FFE3C2 /* TrendsScreenBuilderTestCase.swift */ = {isa = PBXFileReference; lastKnownFileType = sourcecode.swift; path = TrendsScreenBuilderTestCase.swift; sourceTree = "<group>"; };
		3605E3F82600E22400FFE3C2 /* TrendsPresenterTestCase.swift */ = {isa = PBXFileReference; lastKnownFileType = sourcecode.swift; path = TrendsPresenterTestCase.swift; sourceTree = "<group>"; };
		360CAA0125F69F9900C7676A /* HistoryScreenBuilderTestCase.swift */ = {isa = PBXFileReference; lastKnownFileType = sourcecode.swift; path = HistoryScreenBuilderTestCase.swift; sourceTree = "<group>"; };
		360CAA0725F6A01300C7676A /* HistoryPresenterTestCase.swift */ = {isa = PBXFileReference; lastKnownFileType = sourcecode.swift; path = HistoryPresenterTestCase.swift; sourceTree = "<group>"; };
		362A52A025EFA59800B6AA8D /* CoreDataControllerProtocol.swift */ = {isa = PBXFileReference; lastKnownFileType = sourcecode.swift; path = CoreDataControllerProtocol.swift; sourceTree = "<group>"; };
		362A52A425EFA68100B6AA8D /* Drip.xcdatamodel */ = {isa = PBXFileReference; lastKnownFileType = wrapper.xcdatamodel; path = Drip.xcdatamodel; sourceTree = "<group>"; };
		362A52DD25EFAA2600B6AA8D /* CoreDataController.swift */ = {isa = PBXFileReference; lastKnownFileType = sourcecode.swift; path = CoreDataController.swift; sourceTree = "<group>"; };
		362A52E025EFACFB00B6AA8D /* PersistentDataViewProtocol.swift */ = {isa = PBXFileReference; lastKnownFileType = sourcecode.swift; path = PersistentDataViewProtocol.swift; sourceTree = "<group>"; };
		362BF72B260DF1D40065183D /* OnboardingPage2Cell.swift */ = {isa = PBXFileReference; lastKnownFileType = sourcecode.swift; path = OnboardingPage2Cell.swift; sourceTree = "<group>"; };
		36406024261208D000C00117 /* MockUserDefaultsController.swift */ = {isa = PBXFileReference; lastKnownFileType = sourcecode.swift; path = MockUserDefaultsController.swift; sourceTree = "<group>"; };
		3644493E25FFC54D006E1B0F /* Date+Extensions.swift */ = {isa = PBXFileReference; lastKnownFileType = sourcecode.swift; path = "Date+Extensions.swift"; sourceTree = "<group>"; };
		3644EA2E261BB85E00E257CC /* Award+CoreDataClass.swift */ = {isa = PBXFileReference; lastKnownFileType = sourcecode.swift; path = "Award+CoreDataClass.swift"; sourceTree = "<group>"; };
		3644EA2F261BB85E00E257CC /* Award+CoreDataProperties.swift */ = {isa = PBXFileReference; lastKnownFileType = sourcecode.swift; path = "Award+CoreDataProperties.swift"; sourceTree = "<group>"; };
		3644EA30261BB85E00E257CC /* Drink+CoreDataClass.swift */ = {isa = PBXFileReference; lastKnownFileType = sourcecode.swift; path = "Drink+CoreDataClass.swift"; sourceTree = "<group>"; };
		3644EA31261BB85E00E257CC /* Drink+CoreDataProperties.swift */ = {isa = PBXFileReference; lastKnownFileType = sourcecode.swift; path = "Drink+CoreDataProperties.swift"; sourceTree = "<group>"; };
		3644EA32261BB85E00E257CC /* Day+CoreDataClass.swift */ = {isa = PBXFileReference; lastKnownFileType = sourcecode.swift; path = "Day+CoreDataClass.swift"; sourceTree = "<group>"; };
		3644EA33261BB85E00E257CC /* Day+CoreDataProperties.swift */ = {isa = PBXFileReference; lastKnownFileType = sourcecode.swift; path = "Day+CoreDataProperties.swift"; sourceTree = "<group>"; };
		364A927B256BE91400F84985 /* TodayScreenBuilderTestCase.swift */ = {isa = PBXFileReference; lastKnownFileType = sourcecode.swift; path = TodayScreenBuilderTestCase.swift; sourceTree = "<group>"; };
		364A927F256BE93500F84985 /* TodayPresenterTestCase.swift */ = {isa = PBXFileReference; lastKnownFileType = sourcecode.swift; path = TodayPresenterTestCase.swift; sourceTree = "<group>"; };
		364BB7FF2621CEFD009CAEE6 /* SettingsDetailScreenBuilder.swift */ = {isa = PBXFileReference; lastKnownFileType = sourcecode.swift; path = SettingsDetailScreenBuilder.swift; sourceTree = "<group>"; };
		364BB8042621CF41009CAEE6 /* SettingsDetailView.swift */ = {isa = PBXFileReference; lastKnownFileType = sourcecode.swift; path = SettingsDetailView.swift; sourceTree = "<group>"; };
		364BB8072621EA52009CAEE6 /* SettingsDetailViewProtocol.swift */ = {isa = PBXFileReference; lastKnownFileType = sourcecode.swift; path = SettingsDetailViewProtocol.swift; sourceTree = "<group>"; };
		364BB80A2621EA59009CAEE6 /* SettingsDetailPresenter.swift */ = {isa = PBXFileReference; lastKnownFileType = sourcecode.swift; path = SettingsDetailPresenter.swift; sourceTree = "<group>"; };
		364BB80D2621EA61009CAEE6 /* SettingsDetailPresenterProtocol.swift */ = {isa = PBXFileReference; lastKnownFileType = sourcecode.swift; path = SettingsDetailPresenterProtocol.swift; sourceTree = "<group>"; };
		364E80B82623331700954E8B /* CoefficientTableViewCell.swift */ = {isa = PBXFileReference; lastKnownFileType = sourcecode.swift; path = CoefficientTableViewCell.swift; sourceTree = "<group>"; };
		364E80BC2623487400954E8B /* GradientView.swift */ = {isa = PBXFileReference; lastKnownFileType = sourcecode.swift; path = GradientView.swift; sourceTree = "<group>"; };
		364E80BF262354B500954E8B /* DrinksList.swift */ = {isa = PBXFileReference; lastKnownFileType = sourcecode.swift; path = DrinksList.swift; sourceTree = "<group>"; };
		36538D03260CB0D300CFB656 /* UserDefaultsControllerProtocol.swift */ = {isa = PBXFileReference; lastKnownFileType = sourcecode.swift; path = UserDefaultsControllerProtocol.swift; sourceTree = "<group>"; };
		36538D0B260CDAD300CFB656 /* OnboardingPagesScreenBuilder.swift */ = {isa = PBXFileReference; lastKnownFileType = sourcecode.swift; path = OnboardingPagesScreenBuilder.swift; sourceTree = "<group>"; };
		36538D12260CDBC700CFB656 /* OnboardingPagesViewProtocol.swift */ = {isa = PBXFileReference; lastKnownFileType = sourcecode.swift; path = OnboardingPagesViewProtocol.swift; sourceTree = "<group>"; };
		36538D15260CDBD400CFB656 /* OnboardingPagesPresenterProtocol.swift */ = {isa = PBXFileReference; lastKnownFileType = sourcecode.swift; path = OnboardingPagesPresenterProtocol.swift; sourceTree = "<group>"; };
		36538D18260CDBDC00CFB656 /* OnboardingPagesView.swift */ = {isa = PBXFileReference; lastKnownFileType = sourcecode.swift; path = OnboardingPagesView.swift; sourceTree = "<group>"; };
		36538D1B260CDBE200CFB656 /* OnboardingPagesPresenter.swift */ = {isa = PBXFileReference; lastKnownFileType = sourcecode.swift; path = OnboardingPagesPresenter.swift; sourceTree = "<group>"; };
		3655D96A2610B6AB002B95EE /* OnboardingPage3Cell.swift */ = {isa = PBXFileReference; lastKnownFileType = sourcecode.swift; path = OnboardingPage3Cell.swift; sourceTree = "<group>"; };
		3655D96D2610DCF7002B95EE /* OnboardingPage4Cell.swift */ = {isa = PBXFileReference; lastKnownFileType = sourcecode.swift; path = OnboardingPage4Cell.swift; sourceTree = "<group>"; };
		3657BFD22625C49500C9B7AA /* SettingsScreenBuilderTestCase.swift */ = {isa = PBXFileReference; lastKnownFileType = sourcecode.swift; path = SettingsScreenBuilderTestCase.swift; sourceTree = "<group>"; };
		3657BFD72625C4EE00C9B7AA /* SettingsPresenterTestCase.swift */ = {isa = PBXFileReference; lastKnownFileType = sourcecode.swift; path = SettingsPresenterTestCase.swift; sourceTree = "<group>"; };
		365F642E262079BD00A9B4C0 /* SettingsCell.swift */ = {isa = PBXFileReference; lastKnownFileType = sourcecode.swift; path = SettingsCell.swift; sourceTree = "<group>"; };
		365F6431262098E700A9B4C0 /* Bundle+Extensions.swift */ = {isa = PBXFileReference; lastKnownFileType = sourcecode.swift; path = "Bundle+Extensions.swift"; sourceTree = "<group>"; };
		3665E6B3261DF8C600DB6971 /* AwardsDetailScreenBuilder.swift */ = {isa = PBXFileReference; lastKnownFileType = sourcecode.swift; path = AwardsDetailScreenBuilder.swift; sourceTree = "<group>"; };
		3665E6B7261DF92C00DB6971 /* AwardsDetailPresenterProtocol.swift */ = {isa = PBXFileReference; lastKnownFileType = sourcecode.swift; path = AwardsDetailPresenterProtocol.swift; sourceTree = "<group>"; };
		3665E6BA261DF93700DB6971 /* AwardsDetailViewProtocol.swift */ = {isa = PBXFileReference; lastKnownFileType = sourcecode.swift; path = AwardsDetailViewProtocol.swift; sourceTree = "<group>"; };
		3665E6BD261DF94000DB6971 /* AwardsDetailPresenter.swift */ = {isa = PBXFileReference; lastKnownFileType = sourcecode.swift; path = AwardsDetailPresenter.swift; sourceTree = "<group>"; };
		366DFC2F260B8945009BEAC5 /* UserDefaultsController.swift */ = {isa = PBXFileReference; lastKnownFileType = sourcecode.swift; path = UserDefaultsController.swift; sourceTree = "<group>"; };
		36755839260D15F40099C61A /* OnboardingPage1Cell.swift */ = {isa = PBXFileReference; lastKnownFileType = sourcecode.swift; path = OnboardingPage1Cell.swift; sourceTree = "<group>"; };
		3677D435260630B20086E89A /* DrinksLauncher.swift */ = {isa = PBXFileReference; lastKnownFileType = sourcecode.swift; path = DrinksLauncher.swift; sourceTree = "<group>"; };
		3677D438260630E10086E89A /* DrinksCell.swift */ = {isa = PBXFileReference; lastKnownFileType = sourcecode.swift; path = DrinksCell.swift; sourceTree = "<group>"; };
		3677D43B260631230086E89A /* QuickDrinkView.swift */ = {isa = PBXFileReference; lastKnownFileType = sourcecode.swift; path = QuickDrinkView.swift; sourceTree = "<group>"; };
		3677D43E260633C30086E89A /* UIView+Extensions.swift */ = {isa = PBXFileReference; lastKnownFileType = sourcecode.swift; path = "UIView+Extensions.swift"; sourceTree = "<group>"; };
		3680E0CA24B3BC2E009E9DB8 /* UIFont+Extensions.swift */ = {isa = PBXFileReference; lastKnownFileType = sourcecode.swift; path = "UIFont+Extensions.swift"; sourceTree = "<group>"; };
		3680E0CC24B3BF50009E9DB8 /* UIColor+Extensions.swift */ = {isa = PBXFileReference; lastKnownFileType = sourcecode.swift; path = "UIColor+Extensions.swift"; sourceTree = "<group>"; };
		3680E0CE24B3C8CC009E9DB8 /* GradientBarView.swift */ = {isa = PBXFileReference; lastKnownFileType = sourcecode.swift; path = GradientBarView.swift; sourceTree = "<group>"; };
		36830E682611FFF600E55C7A /* OnboardingScreenBuilderTestCase.swift */ = {isa = PBXFileReference; lastKnownFileType = sourcecode.swift; path = OnboardingScreenBuilderTestCase.swift; sourceTree = "<group>"; };
		36830E6D2612005900E55C7A /* OnboardingPagesPresenterTestCase.swift */ = {isa = PBXFileReference; lastKnownFileType = sourcecode.swift; path = OnboardingPagesPresenterTestCase.swift; sourceTree = "<group>"; };
		36877C1E25F9068B00918E04 /* TrendsCollectionViewCell.swift */ = {isa = PBXFileReference; lastKnownFileType = sourcecode.swift; path = TrendsCollectionViewCell.swift; sourceTree = "<group>"; };
		36877C2125F917E300918E04 /* TrendsHeaderView.swift */ = {isa = PBXFileReference; lastKnownFileType = sourcecode.swift; path = TrendsHeaderView.swift; sourceTree = "<group>"; };
		368BAE2925DC7A4F00D799F2 /* CustomFSCell.swift */ = {isa = PBXFileReference; lastKnownFileType = sourcecode.swift; path = CustomFSCell.swift; sourceTree = "<group>"; };
		36905774261DE267001FE2C6 /* AwardsScreenBuilderTestCase.swift */ = {isa = PBXFileReference; lastKnownFileType = sourcecode.swift; path = AwardsScreenBuilderTestCase.swift; sourceTree = "<group>"; };
		36905779261DE2A8001FE2C6 /* AwardsPresenterTestCase.swift */ = {isa = PBXFileReference; lastKnownFileType = sourcecode.swift; path = AwardsPresenterTestCase.swift; sourceTree = "<group>"; };
		36A0A911261B46CE00F1BE8B /* AwardsDetailView.swift */ = {isa = PBXFileReference; lastKnownFileType = sourcecode.swift; path = AwardsDetailView.swift; sourceTree = "<group>"; };
		36A0A915261B4E7400F1BE8B /* LockedAwardDataSource.swift */ = {isa = PBXFileReference; lastKnownFileType = sourcecode.swift; path = LockedAwardDataSource.swift; sourceTree = "<group>"; };
		36A0A91C261B557F00F1BE8B /* TenDrinksAwardDataSource.swift */ = {isa = PBXFileReference; lastKnownFileType = sourcecode.swift; path = TenDrinksAwardDataSource.swift; sourceTree = "<group>"; };
		36A0A920261B565200F1BE8B /* FiftyDrinksAwardDataSource.swift */ = {isa = PBXFileReference; lastKnownFileType = sourcecode.swift; path = FiftyDrinksAwardDataSource.swift; sourceTree = "<group>"; };
		36A0A926261B56EF00F1BE8B /* HundredDrinksAwardDataSource.swift */ = {isa = PBXFileReference; lastKnownFileType = sourcecode.swift; path = HundredDrinksAwardDataSource.swift; sourceTree = "<group>"; };
		36A0A929261B578A00F1BE8B /* FiveHundredDrinksAwardDataSource.swift */ = {isa = PBXFileReference; lastKnownFileType = sourcecode.swift; path = FiveHundredDrinksAwardDataSource.swift; sourceTree = "<group>"; };
		36A0A92C261B584400F1BE8B /* SevenDayBestAwardDataSource.swift */ = {isa = PBXFileReference; lastKnownFileType = sourcecode.swift; path = SevenDayBestAwardDataSource.swift; sourceTree = "<group>"; };
		36A0A92F261B58E700F1BE8B /* AwardsDetailDataSourceProtocol.swift */ = {isa = PBXFileReference; lastKnownFileType = sourcecode.swift; path = AwardsDetailDataSourceProtocol.swift; sourceTree = "<group>"; };
		36A0A933261B592B00F1BE8B /* TwentyEightStreakAwardDataSource.swift */ = {isa = PBXFileReference; lastKnownFileType = sourcecode.swift; path = TwentyEightStreakAwardDataSource.swift; sourceTree = "<group>"; };
		36A0A936261B59B900F1BE8B /* NinetyDayStreakAwardDataSource.swift */ = {isa = PBXFileReference; lastKnownFileType = sourcecode.swift; path = NinetyDayStreakAwardDataSource.swift; sourceTree = "<group>"; };
		36A0A939261B5A3000F1BE8B /* YearStreakAwardDataSource.swift */ = {isa = PBXFileReference; lastKnownFileType = sourcecode.swift; path = YearStreakAwardDataSource.swift; sourceTree = "<group>"; };
		36A37EEE261CC98100BB7C15 /* ThreeUniqueDrinksAwardDataSource.swift */ = {isa = PBXFileReference; lastKnownFileType = sourcecode.swift; path = ThreeUniqueDrinksAwardDataSource.swift; sourceTree = "<group>"; };
		36A37EF1261CCA0F00BB7C15 /* FiveUniqueDrinksAwardDataSource.swift */ = {isa = PBXFileReference; lastKnownFileType = sourcecode.swift; path = FiveUniqueDrinksAwardDataSource.swift; sourceTree = "<group>"; };
		36A37EF4261CCA8600BB7C15 /* SevenUniqueDrinksAwardDataSource.swift */ = {isa = PBXFileReference; lastKnownFileType = sourcecode.swift; path = SevenUniqueDrinksAwardDataSource.swift; sourceTree = "<group>"; };
		36A37EF7261CCC2300BB7C15 /* LitreDrinkAwardDataSource.swift */ = {isa = PBXFileReference; lastKnownFileType = sourcecode.swift; path = LitreDrinkAwardDataSource.swift; sourceTree = "<group>"; };
		36A37EFA261CCC7000BB7C15 /* FiftymlDrinkAwardDataSource.swift */ = {isa = PBXFileReference; lastKnownFileType = sourcecode.swift; path = FiftymlDrinkAwardDataSource.swift; sourceTree = "<group>"; };
		36A37EFD261CCCC600BB7C15 /* MissingDrinkAwardDataSource.swift */ = {isa = PBXFileReference; lastKnownFileType = sourcecode.swift; path = MissingDrinkAwardDataSource.swift; sourceTree = "<group>"; };
		36B6F46725DD78FA004A7EA5 /* DrinkTableViewCell.swift */ = {isa = PBXFileReference; lastKnownFileType = sourcecode.swift; path = DrinkTableViewCell.swift; sourceTree = "<group>"; };
		36BFF50E25D17653003456F3 /* RoundDrinkButton.swift */ = {isa = PBXFileReference; lastKnownFileType = sourcecode.swift; path = RoundDrinkButton.swift; sourceTree = "<group>"; };
		36C1F6E9261E005300224846 /* AwardsDetailScreenBuilderTestCase.swift */ = {isa = PBXFileReference; lastKnownFileType = sourcecode.swift; path = AwardsDetailScreenBuilderTestCase.swift; sourceTree = "<group>"; };
		36C1F6EE261E007A00224846 /* AwardsDetailPresenterTestCase.swift */ = {isa = PBXFileReference; lastKnownFileType = sourcecode.swift; path = AwardsDetailPresenterTestCase.swift; sourceTree = "<group>"; };
/* End PBXFileReference section */

/* Begin PBXFrameworksBuildPhase section */
		0ACB981B24546717007BF01D /* Frameworks */ = {
			isa = PBXFrameworksBuildPhase;
			buildActionMask = 2147483647;
			files = (
				3644F1E026101FAD0012FF09 /* FSCalendar in Frameworks */,
				36A0A945261B6C3E00F1BE8B /* SwiftConfettiView in Frameworks */,
			);
			runOnlyForDeploymentPostprocessing = 0;
		};
		0ACB983124546719007BF01D /* Frameworks */ = {
			isa = PBXFrameworksBuildPhase;
			buildActionMask = 2147483647;
			files = (
			);
			runOnlyForDeploymentPostprocessing = 0;
		};
/* End PBXFrameworksBuildPhase section */

/* Begin PBXGroup section */
		0A2B8B6A2454D69D00D9E8E7 /* Today */ = {
			isa = PBXGroup;
			children = (
				0A2B8B6C2454D87000D9E8E7 /* TodayScreenBuilder.swift */,
				0A2B8B6E2454D88500D9E8E7 /* Today.storyboard */,
				0A2B8B6B2454D72000D9E8E7 /* Classes */,
			);
			path = Today;
			sourceTree = "<group>";
		};
		0A2B8B6B2454D72000D9E8E7 /* Classes */ = {
			isa = PBXGroup;
			children = (
				0A2B8B702454D8B500D9E8E7 /* TodayViewProtocol.swift */,
				0A2B8B722454D8C700D9E8E7 /* TodayPresenterProtocol.swift */,
				0A2B8B742454D8E200D9E8E7 /* TodayView.swift */,
				0A2B8B762454D8F300D9E8E7 /* TodayPresenter.swift */,
			);
			path = Classes;
			sourceTree = "<group>";
		};
		0A8BEA962455D50C00AA9880 /* Awards */ = {
			isa = PBXGroup;
			children = (
				0A8BEA802455D24A00AA9880 /* AwardsScreenBuilder.swift */,
				0A8BEA972455D51A00AA9880 /* Classes */,
			);
			path = Awards;
			sourceTree = "<group>";
		};
		0A8BEA972455D51A00AA9880 /* Classes */ = {
			isa = PBXGroup;
			children = (
				0A8BEA7C2455D24A00AA9880 /* AwardsPresenterProtocol.swift */,
				0A8BEA7D2455D24A00AA9880 /* AwardsView.swift */,
				0A8BEA7E2455D24A00AA9880 /* AwardsPresenter.swift */,
				0A8BEA7F2455D24A00AA9880 /* AwardsViewProtocol.swift */,
			);
			path = Classes;
			sourceTree = "<group>";
		};
		0A8BEA982455D53A00AA9880 /* Settings */ = {
			isa = PBXGroup;
			children = (
				0A8BEA8E2455D45900AA9880 /* SettingsScreenBuilder.swift */,
				0A8BEA8F2455D45900AA9880 /* Settings.storyboard */,
				0A8BEA992455D54600AA9880 /* Classes */,
			);
			path = Settings;
			sourceTree = "<group>";
		};
		0A8BEA992455D54600AA9880 /* Classes */ = {
			isa = PBXGroup;
			children = (
				0A8BEA8A2455D45900AA9880 /* SettingsView.swift */,
				0A8BEA8B2455D45900AA9880 /* SettingsPresenter.swift */,
				0A8BEA8C2455D45900AA9880 /* SettingsViewProtocol.swift */,
				0A8BEA8D2455D45900AA9880 /* SettingsPresenterProtocol.swift */,
			);
			path = Classes;
			sourceTree = "<group>";
		};
		0ACB981524546717007BF01D = {
			isa = PBXGroup;
			children = (
				0ACB982024546717007BF01D /* Drip */,
				0ACB983724546719007BF01D /* DripTests */,
				0ACB981F24546717007BF01D /* Products */,
			);
			sourceTree = "<group>";
		};
		0ACB981F24546717007BF01D /* Products */ = {
			isa = PBXGroup;
			children = (
				0ACB981E24546717007BF01D /* Drip.app */,
				0ACB983424546719007BF01D /* DripTests.xctest */,
			);
			name = Products;
			sourceTree = "<group>";
		};
		0ACB982024546717007BF01D /* Drip */ = {
			isa = PBXGroup;
			children = (
				0ACB98432454676B007BF01D /* Util */,
				0ACB984B2454683A007BF01D /* Screens */,
				0ACB982124546717007BF01D /* AppDelegate.swift */,
				0ACB982A24546719007BF01D /* Assets.xcassets */,
				0ACB982C24546719007BF01D /* LaunchScreen.storyboard */,
				0ACB982F24546719007BF01D /* Info.plist */,
			);
			path = Drip;
			sourceTree = "<group>";
		};
		0ACB983724546719007BF01D /* DripTests */ = {
			isa = PBXGroup;
			children = (
				364A9279256BE8EA00F84985 /* Screens */,
				36C1F6F2261E03F600224846 /* Resources */,
				0ACB983A24546719007BF01D /* Info.plist */,
			);
			path = DripTests;
			sourceTree = "<group>";
		};
		0ACB98432454676B007BF01D /* Util */ = {
			isa = PBXGroup;
			children = (
				362A52CB25EFA94500B6AA8D /* Models */,
				0ACB9844245467AA007BF01D /* Resources */,
				36031F6625D429070016EBC7 /* Colours.xcassets */,
			);
			path = Util;
			sourceTree = "<group>";
		};
		0ACB9844245467AA007BF01D /* Resources */ = {
			isa = PBXGroup;
			children = (
				360CA9F225F65D1800C7676A /* View Controller */,
				360CA9EF25F65C8000C7676A /* Extensions */,
				360CA9F125F65CB600C7676A /* Custom Views */,
				360CA9EB25F65C1000C7676A /* Persistent Data */,
			);
			path = Resources;
			sourceTree = "<group>";
		};
		0ACB984B2454683A007BF01D /* Screens */ = {
			isa = PBXGroup;
			children = (
				36538D09260CD85100CFB656 /* Onboarding */,
				0ACB985E24549D99007BF01D /* TabBar */,
				0AD151102454EF9D00F45042 /* Trends */,
				0ACB984C24546879007BF01D /* History */,
				0A2B8B6A2454D69D00D9E8E7 /* Today */,
				0A8BEA962455D50C00AA9880 /* Awards */,
				36A0A910261B46A000F1BE8B /* AwardsDetail */,
				0A8BEA982455D53A00AA9880 /* Settings */,
				364BB7FE2621CE8E009CAEE6 /* SettingsDetailView */,
			);
			path = Screens;
			sourceTree = "<group>";
		};
		0ACB984C24546879007BF01D /* History */ = {
			isa = PBXGroup;
			children = (
				0ACB984D24546887007BF01D /* HistoryScreenBuilder.swift */,
				0ACB985824546924007BF01D /* History.storyboard */,
				0ACB984F2454689D007BF01D /* Classes */,
			);
			path = History;
			sourceTree = "<group>";
		};
		0ACB984F2454689D007BF01D /* Classes */ = {
			isa = PBXGroup;
			children = (
				0ACB9850245468AF007BF01D /* HistoryViewProtocol.swift */,
				0ACB9852245468DC007BF01D /* HistoryPresenterProtocol.swift */,
				0ACB9854245468E7007BF01D /* HistoryView.swift */,
				0ACB9856245468EC007BF01D /* HistoryPresenter.swift */,
			);
			path = Classes;
			sourceTree = "<group>";
		};
		0ACB985E24549D99007BF01D /* TabBar */ = {
			isa = PBXGroup;
			children = (
				0ACB985F24549DBC007BF01D /* TabBarScreenBuilder.swift */,
				0ACB986124549DC4007BF01D /* TabBar.storyboard */,
				0ACB986324549DC9007BF01D /* Classes */,
			);
			path = TabBar;
			sourceTree = "<group>";
		};
		0ACB986324549DC9007BF01D /* Classes */ = {
			isa = PBXGroup;
			children = (
				0ACB986424549DE2007BF01D /* TabBarViewProtocol.swift */,
				0ACB986624549DED007BF01D /* TabBarPresenterProtocol.swift */,
				0ACB986824549DF5007BF01D /* TabBarView.swift */,
				0ACB986A24549DFE007BF01D /* TabBarPresenter.swift */,
			);
			path = Classes;
			sourceTree = "<group>";
		};
		0AD151102454EF9D00F45042 /* Trends */ = {
			isa = PBXGroup;
			children = (
				0AD151112454EFB400F45042 /* TrendsScreenBuilder.swift */,
				0AD1511C2454F00100F45042 /* Trends.storyboard */,
				0AD151132454EFB800F45042 /* Classes */,
			);
			path = Trends;
			sourceTree = "<group>";
		};
		0AD151132454EFB800F45042 /* Classes */ = {
			isa = PBXGroup;
			children = (
				0AD151142454EFDC00F45042 /* TrendsViewProtocol.swift */,
				0AD151162454EFE300F45042 /* TrendsPresenterProtocol.swift */,
				0AD151182454EFEB00F45042 /* TrendsView.swift */,
				0AD1511A2454EFF600F45042 /* TrendsPresenter.swift */,
			);
			path = Classes;
			sourceTree = "<group>";
		};
		3605E3F22600E12A00FFE3C2 /* Trends */ = {
			isa = PBXGroup;
			children = (
				3605E3F32600E14B00FFE3C2 /* TrendsScreenBuilderTestCase.swift */,
				3605E3F72600E21300FFE3C2 /* Classes */,
			);
			path = Trends;
			sourceTree = "<group>";
		};
		3605E3F72600E21300FFE3C2 /* Classes */ = {
			isa = PBXGroup;
			children = (
				3605E3F82600E22400FFE3C2 /* TrendsPresenterTestCase.swift */,
			);
			path = Classes;
			sourceTree = "<group>";
		};
		360CA9EB25F65C1000C7676A /* Persistent Data */ = {
			isa = PBXGroup;
			children = (
				362A52E025EFACFB00B6AA8D /* PersistentDataViewProtocol.swift */,
				362A52A025EFA59800B6AA8D /* CoreDataControllerProtocol.swift */,
				362A52DD25EFAA2600B6AA8D /* CoreDataController.swift */,
				362A52A325EFA68100B6AA8D /* Drip.xcdatamodeld */,
				366DFC2F260B8945009BEAC5 /* UserDefaultsController.swift */,
				36538D03260CB0D300CFB656 /* UserDefaultsControllerProtocol.swift */,
			);
			path = "Persistent Data";
			sourceTree = "<group>";
		};
		360CA9EF25F65C8000C7676A /* Extensions */ = {
			isa = PBXGroup;
			children = (
				0ACB9845245467BC007BF01D /* UIViewController+ViewControllerName.swift */,
				3677D43E260633C30086E89A /* UIView+Extensions.swift */,
				3680E0CA24B3BC2E009E9DB8 /* UIFont+Extensions.swift */,
				3680E0CC24B3BF50009E9DB8 /* UIColor+Extensions.swift */,
				3644493E25FFC54D006E1B0F /* Date+Extensions.swift */,
				365F6431262098E700A9B4C0 /* Bundle+Extensions.swift */,
			);
			path = Extensions;
			sourceTree = "<group>";
		};
		360CA9F125F65CB600C7676A /* Custom Views */ = {
			isa = PBXGroup;
			children = (
				368BAE2925DC7A4F00D799F2 /* CustomFSCell.swift */,
				36B6F46725DD78FA004A7EA5 /* DrinkTableViewCell.swift */,
				364E80B82623331700954E8B /* CoefficientTableViewCell.swift */,
				36877C1E25F9068B00918E04 /* TrendsCollectionViewCell.swift */,
				365F642E262079BD00A9B4C0 /* SettingsCell.swift */,
				3680E0CE24B3C8CC009E9DB8 /* GradientBarView.swift */,
				36BFF50E25D17653003456F3 /* RoundDrinkButton.swift */,
				0A44B3952457631C0023433A /* ProgressRingView.swift */,
				0A4B4E082464505B00C2350B /* PlaceholderView.swift */,
				36877C2125F917E300918E04 /* TrendsHeaderView.swift */,
				3677D435260630B20086E89A /* DrinksLauncher.swift */,
				3677D43B260631230086E89A /* QuickDrinkView.swift */,
				3677D438260630E10086E89A /* DrinksCell.swift */,
				364E80BC2623487400954E8B /* GradientView.swift */,
				364E80BF262354B500954E8B /* DrinksList.swift */,
			);
			path = "Custom Views";
			sourceTree = "<group>";
		};
		360CA9F225F65D1800C7676A /* View Controller */ = {
			isa = PBXGroup;
			children = (
				0ACB9847245467D6007BF01D /* ViewControllerName.swift */,
				0ACB9849245467F5007BF01D /* ScreenBuilder.swift */,
				0ACB985A24547236007BF01D /* DarkNavController.swift */,
				0ACB986C2454AEEB007BF01D /* DarkTabBarController.swift */,
			);
			path = "View Controller";
			sourceTree = "<group>";
		};
		360CAA0025F69F8600C7676A /* History */ = {
			isa = PBXGroup;
			children = (
				360CAA0125F69F9900C7676A /* HistoryScreenBuilderTestCase.swift */,
				360CAA0525F69FDF00C7676A /* Classes */,
			);
			path = History;
			sourceTree = "<group>";
		};
		360CAA0525F69FDF00C7676A /* Classes */ = {
			isa = PBXGroup;
			children = (
				360CAA0725F6A01300C7676A /* HistoryPresenterTestCase.swift */,
			);
			path = Classes;
			sourceTree = "<group>";
		};
		362A52CB25EFA94500B6AA8D /* Models */ = {
			isa = PBXGroup;
			children = (
				3644EA2E261BB85E00E257CC /* Award+CoreDataClass.swift */,
				3644EA2F261BB85E00E257CC /* Award+CoreDataProperties.swift */,
				3644EA30261BB85E00E257CC /* Drink+CoreDataClass.swift */,
				3644EA31261BB85E00E257CC /* Drink+CoreDataProperties.swift */,
				3644EA32261BB85E00E257CC /* Day+CoreDataClass.swift */,
				3644EA33261BB85E00E257CC /* Day+CoreDataProperties.swift */,
			);
			path = Models;
			sourceTree = "<group>";
		};
		364A9279256BE8EA00F84985 /* Screens */ = {
			isa = PBXGroup;
			children = (
				36830E672611FFDC00E55C7A /* Onboarding */,
				3605E3F22600E12A00FFE3C2 /* Trends */,
				360CAA0025F69F8600C7676A /* History */,
				364A927A256BE8FF00F84985 /* Today */,
				36905773261DE243001FE2C6 /* Awards */,
				36C1F6E8261E003700224846 /* AwardsDetail */,
				3657BFD12625C47000C9B7AA /* Settings */,
			);
			path = Screens;
			sourceTree = "<group>";
		};
		364A927A256BE8FF00F84985 /* Today */ = {
			isa = PBXGroup;
			children = (
				364A927B256BE91400F84985 /* TodayScreenBuilderTestCase.swift */,
				364A927E256BE91B00F84985 /* Classes */,
			);
			path = Today;
			sourceTree = "<group>";
		};
		364A927E256BE91B00F84985 /* Classes */ = {
			isa = PBXGroup;
			children = (
				364A927F256BE93500F84985 /* TodayPresenterTestCase.swift */,
			);
			path = Classes;
			sourceTree = "<group>";
		};
		364BB7FE2621CE8E009CAEE6 /* SettingsDetailView */ = {
			isa = PBXGroup;
			children = (
				364BB7FF2621CEFD009CAEE6 /* SettingsDetailScreenBuilder.swift */,
				364BB8032621CF35009CAEE6 /* Classes */,
			);
			path = SettingsDetailView;
			sourceTree = "<group>";
		};
		364BB8032621CF35009CAEE6 /* Classes */ = {
			isa = PBXGroup;
			children = (
				364BB8042621CF41009CAEE6 /* SettingsDetailView.swift */,
				364BB8072621EA52009CAEE6 /* SettingsDetailViewProtocol.swift */,
				364BB80A2621EA59009CAEE6 /* SettingsDetailPresenter.swift */,
				364BB80D2621EA61009CAEE6 /* SettingsDetailPresenterProtocol.swift */,
			);
			path = Classes;
			sourceTree = "<group>";
		};
		36538D09260CD85100CFB656 /* Onboarding */ = {
			isa = PBXGroup;
			children = (
				36538D0B260CDAD300CFB656 /* OnboardingPagesScreenBuilder.swift */,
				36538D11260CDBA800CFB656 /* Classes */,
			);
			path = Onboarding;
			sourceTree = "<group>";
		};
		36538D11260CDBA800CFB656 /* Classes */ = {
			isa = PBXGroup;
			children = (
				36538D12260CDBC700CFB656 /* OnboardingPagesViewProtocol.swift */,
				36538D15260CDBD400CFB656 /* OnboardingPagesPresenterProtocol.swift */,
				36538D18260CDBDC00CFB656 /* OnboardingPagesView.swift */,
				36538D1B260CDBE200CFB656 /* OnboardingPagesPresenter.swift */,
				367AC78C260DEB4E00AAE2FF /* Cells */,
			);
			path = Classes;
			sourceTree = "<group>";
		};
		3657BFD12625C47000C9B7AA /* Settings */ = {
			isa = PBXGroup;
			children = (
				3657BFD22625C49500C9B7AA /* SettingsScreenBuilderTestCase.swift */,
				3657BFD62625C4CA00C9B7AA /* Classes */,
			);
			path = Settings;
			sourceTree = "<group>";
		};
		3657BFD62625C4CA00C9B7AA /* Classes */ = {
			isa = PBXGroup;
			children = (
				3657BFD72625C4EE00C9B7AA /* SettingsPresenterTestCase.swift */,
			);
			path = Classes;
			sourceTree = "<group>";
		};
		3665E6B6261DF90D00DB6971 /* Classes */ = {
			isa = PBXGroup;
			children = (
				36A0A911261B46CE00F1BE8B /* AwardsDetailView.swift */,
				3665E6BA261DF93700DB6971 /* AwardsDetailViewProtocol.swift */,
				3665E6BD261DF94000DB6971 /* AwardsDetailPresenter.swift */,
				3665E6B7261DF92C00DB6971 /* AwardsDetailPresenterProtocol.swift */,
			);
			path = Classes;
			sourceTree = "<group>";
		};
		367AC78C260DEB4E00AAE2FF /* Cells */ = {
			isa = PBXGroup;
			children = (
				36755839260D15F40099C61A /* OnboardingPage1Cell.swift */,
				362BF72B260DF1D40065183D /* OnboardingPage2Cell.swift */,
				3655D96A2610B6AB002B95EE /* OnboardingPage3Cell.swift */,
				3655D96D2610DCF7002B95EE /* OnboardingPage4Cell.swift */,
			);
			path = Cells;
			sourceTree = "<group>";
		};
		36830E672611FFDC00E55C7A /* Onboarding */ = {
			isa = PBXGroup;
			children = (
				36830E682611FFF600E55C7A /* OnboardingScreenBuilderTestCase.swift */,
				36830E6C2612004000E55C7A /* Classes */,
			);
			path = Onboarding;
			sourceTree = "<group>";
		};
		36830E6C2612004000E55C7A /* Classes */ = {
			isa = PBXGroup;
			children = (
				36830E6D2612005900E55C7A /* OnboardingPagesPresenterTestCase.swift */,
			);
			path = Classes;
			sourceTree = "<group>";
		};
		36905773261DE243001FE2C6 /* Awards */ = {
			isa = PBXGroup;
			children = (
				36905774261DE267001FE2C6 /* AwardsScreenBuilderTestCase.swift */,
				36905778261DE294001FE2C6 /* Classes */,
			);
			path = Awards;
			sourceTree = "<group>";
		};
		36905778261DE294001FE2C6 /* Classes */ = {
			isa = PBXGroup;
			children = (
				36905779261DE2A8001FE2C6 /* AwardsPresenterTestCase.swift */,
			);
			path = Classes;
			sourceTree = "<group>";
		};
		36A0A910261B46A000F1BE8B /* AwardsDetail */ = {
			isa = PBXGroup;
			children = (
				3665E6B3261DF8C600DB6971 /* AwardsDetailScreenBuilder.swift */,
				3665E6B6261DF90D00DB6971 /* Classes */,
				36A0A924261B56DB00F1BE8B /* Data Sources */,
			);
			path = AwardsDetail;
			sourceTree = "<group>";
		};
		36A0A924261B56DB00F1BE8B /* Data Sources */ = {
			isa = PBXGroup;
			children = (
				36A0A92F261B58E700F1BE8B /* AwardsDetailDataSourceProtocol.swift */,
				36A0A915261B4E7400F1BE8B /* LockedAwardDataSource.swift */,
				36A0A91C261B557F00F1BE8B /* TenDrinksAwardDataSource.swift */,
				36A0A920261B565200F1BE8B /* FiftyDrinksAwardDataSource.swift */,
				36A0A926261B56EF00F1BE8B /* HundredDrinksAwardDataSource.swift */,
				36A0A929261B578A00F1BE8B /* FiveHundredDrinksAwardDataSource.swift */,
				36A0A92C261B584400F1BE8B /* SevenDayBestAwardDataSource.swift */,
				36A0A933261B592B00F1BE8B /* TwentyEightStreakAwardDataSource.swift */,
				36A0A936261B59B900F1BE8B /* NinetyDayStreakAwardDataSource.swift */,
				36A0A939261B5A3000F1BE8B /* YearStreakAwardDataSource.swift */,
				36A37EEE261CC98100BB7C15 /* ThreeUniqueDrinksAwardDataSource.swift */,
				36A37EF1261CCA0F00BB7C15 /* FiveUniqueDrinksAwardDataSource.swift */,
				36A37EF4261CCA8600BB7C15 /* SevenUniqueDrinksAwardDataSource.swift */,
				36A37EF7261CCC2300BB7C15 /* LitreDrinkAwardDataSource.swift */,
				36A37EFA261CCC7000BB7C15 /* FiftymlDrinkAwardDataSource.swift */,
				36A37EFD261CCCC600BB7C15 /* MissingDrinkAwardDataSource.swift */,
			);
			path = "Data Sources";
			sourceTree = "<group>";
		};
		36C1F6E8261E003700224846 /* AwardsDetail */ = {
			isa = PBXGroup;
			children = (
				36C1F6E9261E005300224846 /* AwardsDetailScreenBuilderTestCase.swift */,
				36C1F6ED261E006A00224846 /* Classes */,
			);
			path = AwardsDetail;
			sourceTree = "<group>";
		};
		36C1F6ED261E006A00224846 /* Classes */ = {
			isa = PBXGroup;
			children = (
				36C1F6EE261E007A00224846 /* AwardsDetailPresenterTestCase.swift */,
			);
			path = Classes;
			sourceTree = "<group>";
		};
		36C1F6F2261E03F600224846 /* Resources */ = {
			isa = PBXGroup;
			children = (
				36406024261208D000C00117 /* MockUserDefaultsController.swift */,
			);
			path = Resources;
			sourceTree = "<group>";
		};
/* End PBXGroup section */

/* Begin PBXNativeTarget section */
		0ACB981D24546717007BF01D /* Drip */ = {
			isa = PBXNativeTarget;
			buildConfigurationList = 0ACB983D24546719007BF01D /* Build configuration list for PBXNativeTarget "Drip" */;
			buildPhases = (
				0ACB981A24546717007BF01D /* Sources */,
				0ACB981B24546717007BF01D /* Frameworks */,
				0ACB981C24546717007BF01D /* Resources */,
				0ACB986E2454C1F2007BF01D /* ShellScript */,
				0A51100A2455E2F900E591C7 /* Embed Frameworks */,
			);
			buildRules = (
			);
			dependencies = (
			);
			name = Drip;
			packageProductDependencies = (
				3644F1DF26101FAD0012FF09 /* FSCalendar */,
				36A0A944261B6C3E00F1BE8B /* SwiftConfettiView */,
			);
			productName = Drip;
			productReference = 0ACB981E24546717007BF01D /* Drip.app */;
			productType = "com.apple.product-type.application";
		};
		0ACB983324546719007BF01D /* DripTests */ = {
			isa = PBXNativeTarget;
			buildConfigurationList = 0ACB984024546719007BF01D /* Build configuration list for PBXNativeTarget "DripTests" */;
			buildPhases = (
				0ACB983024546719007BF01D /* Sources */,
				0ACB983124546719007BF01D /* Frameworks */,
				0ACB983224546719007BF01D /* Resources */,
			);
			buildRules = (
			);
			dependencies = (
				0ACB983624546719007BF01D /* PBXTargetDependency */,
			);
			name = DripTests;
			productName = DripTests;
			productReference = 0ACB983424546719007BF01D /* DripTests.xctest */;
			productType = "com.apple.product-type.bundle.unit-test";
		};
/* End PBXNativeTarget section */

/* Begin PBXProject section */
		0ACB981624546717007BF01D /* Project object */ = {
			isa = PBXProject;
			attributes = {
				LastSwiftUpdateCheck = 1130;
				LastUpgradeCheck = 1220;
				ORGANIZATIONNAME = "Kaiman Mehmet";
				TargetAttributes = {
					0ACB981D24546717007BF01D = {
						CreatedOnToolsVersion = 11.3.1;
					};
					0ACB983324546719007BF01D = {
						CreatedOnToolsVersion = 11.3.1;
						TestTargetID = 0ACB981D24546717007BF01D;
					};
				};
			};
			buildConfigurationList = 0ACB981924546717007BF01D /* Build configuration list for PBXProject "Drip" */;
			compatibilityVersion = "Xcode 9.3";
			developmentRegion = en;
			hasScannedForEncodings = 0;
			knownRegions = (
				en,
				Base,
			);
			mainGroup = 0ACB981524546717007BF01D;
			packageReferences = (
				3644F1DE26101FAD0012FF09 /* XCRemoteSwiftPackageReference "FSCalendar" */,
				36A0A943261B6C3E00F1BE8B /* XCRemoteSwiftPackageReference "SwiftConfettiView" */,
			);
			productRefGroup = 0ACB981F24546717007BF01D /* Products */;
			projectDirPath = "";
			projectRoot = "";
			targets = (
				0ACB981D24546717007BF01D /* Drip */,
				0ACB983324546719007BF01D /* DripTests */,
			);
		};
/* End PBXProject section */

/* Begin PBXResourcesBuildPhase section */
		0ACB981C24546717007BF01D /* Resources */ = {
			isa = PBXResourcesBuildPhase;
			buildActionMask = 2147483647;
			files = (
				0ACB986224549DC4007BF01D /* TabBar.storyboard in Resources */,
				0ACB982E24546719007BF01D /* LaunchScreen.storyboard in Resources */,
				0A8BEA952455D45A00AA9880 /* Settings.storyboard in Resources */,
				0ACB985924546924007BF01D /* History.storyboard in Resources */,
				0A2B8B6F2454D88500D9E8E7 /* Today.storyboard in Resources */,
				0AD1511D2454F00100F45042 /* Trends.storyboard in Resources */,
				36031F6725D429070016EBC7 /* Colours.xcassets in Resources */,
				0ACB982B24546719007BF01D /* Assets.xcassets in Resources */,
			);
			runOnlyForDeploymentPostprocessing = 0;
		};
		0ACB983224546719007BF01D /* Resources */ = {
			isa = PBXResourcesBuildPhase;
			buildActionMask = 2147483647;
			files = (
			);
			runOnlyForDeploymentPostprocessing = 0;
		};
/* End PBXResourcesBuildPhase section */

/* Begin PBXShellScriptBuildPhase section */
		0ACB986E2454C1F2007BF01D /* ShellScript */ = {
			isa = PBXShellScriptBuildPhase;
			buildActionMask = 2147483647;
			files = (
			);
			inputFileListPaths = (
			);
			inputPaths = (
			);
			outputFileListPaths = (
			);
			outputPaths = (
			);
			runOnlyForDeploymentPostprocessing = 0;
			shellPath = /bin/sh;
			shellScript = "if which swiftlint >/dev/null; then\n  swiftlint\nelse\n  echo \"warning: SwiftLint not installed, download from https://github.com/realm/SwiftLint\"\nfi\n";
		};
/* End PBXShellScriptBuildPhase section */

/* Begin PBXSourcesBuildPhase section */
		0ACB981A24546717007BF01D /* Sources */ = {
			isa = PBXSourcesBuildPhase;
			buildActionMask = 2147483647;
			files = (
				364E80B92623331700954E8B /* CoefficientTableViewCell.swift in Sources */,
				364BB80B2621EA59009CAEE6 /* SettingsDetailPresenter.swift in Sources */,
				0A8BEA902455D45A00AA9880 /* SettingsView.swift in Sources */,
				0ACB9846245467BC007BF01D /* UIViewController+ViewControllerName.swift in Sources */,
				0A2B8B732454D8C700D9E8E7 /* TodayPresenterProtocol.swift in Sources */,
				36A0A912261B46CE00F1BE8B /* AwardsDetailView.swift in Sources */,
				3680E0CF24B3C8CC009E9DB8 /* GradientBarView.swift in Sources */,
				3677D436260630B20086E89A /* DrinksLauncher.swift in Sources */,
				0A8BEA912455D45A00AA9880 /* SettingsPresenter.swift in Sources */,
				0ACB984E24546887007BF01D /* HistoryScreenBuilder.swift in Sources */,
				0ACB986924549DF5007BF01D /* TabBarView.swift in Sources */,
				0ACB986024549DBC007BF01D /* TabBarScreenBuilder.swift in Sources */,
				36A37EFE261CCCC600BB7C15 /* MissingDrinkAwardDataSource.swift in Sources */,
				365F6432262098E700A9B4C0 /* Bundle+Extensions.swift in Sources */,
				36538D16260CDBD400CFB656 /* OnboardingPagesPresenterProtocol.swift in Sources */,
				3644EA34261BB85E00E257CC /* Award+CoreDataClass.swift in Sources */,
				0A8BEA852455D24A00AA9880 /* AwardsViewProtocol.swift in Sources */,
				368BAE2A25DC7A4F00D799F2 /* CustomFSCell.swift in Sources */,
				36A0A91D261B557F00F1BE8B /* TenDrinksAwardDataSource.swift in Sources */,
				3644EA37261BB85E00E257CC /* Drink+CoreDataProperties.swift in Sources */,
				3677D43F260633C30086E89A /* UIView+Extensions.swift in Sources */,
				3665E6B4261DF8C600DB6971 /* AwardsDetailScreenBuilder.swift in Sources */,
				3644EA36261BB85E00E257CC /* Drink+CoreDataClass.swift in Sources */,
				0ACB982224546717007BF01D /* AppDelegate.swift in Sources */,
				36A0A934261B592B00F1BE8B /* TwentyEightStreakAwardDataSource.swift in Sources */,
				0AD1511B2454EFF600F45042 /* TrendsPresenter.swift in Sources */,
				36A0A927261B56EF00F1BE8B /* HundredDrinksAwardDataSource.swift in Sources */,
				0A2B8B712454D8B500D9E8E7 /* TodayViewProtocol.swift in Sources */,
				36A0A916261B4E7400F1BE8B /* LockedAwardDataSource.swift in Sources */,
				0A2B8B6D2454D87000D9E8E7 /* TodayScreenBuilder.swift in Sources */,
				36B6F46825DD78FA004A7EA5 /* DrinkTableViewCell.swift in Sources */,
				364BB8052621CF41009CAEE6 /* SettingsDetailView.swift in Sources */,
				3665E6B8261DF92C00DB6971 /* AwardsDetailPresenterProtocol.swift in Sources */,
				0A4B4E092464505B00C2350B /* PlaceholderView.swift in Sources */,
				36A0A93A261B5A3000F1BE8B /* YearStreakAwardDataSource.swift in Sources */,
				36877C1F25F9068B00918E04 /* TrendsCollectionViewCell.swift in Sources */,
				3644EA39261BB85E00E257CC /* Day+CoreDataProperties.swift in Sources */,
				362A52E125EFACFB00B6AA8D /* PersistentDataViewProtocol.swift in Sources */,
				36A0A930261B58E700F1BE8B /* AwardsDetailDataSourceProtocol.swift in Sources */,
				0A8BEA862455D24A00AA9880 /* AwardsScreenBuilder.swift in Sources */,
				36BFF50F25D17653003456F3 /* RoundDrinkButton.swift in Sources */,
				0ACB986B24549DFE007BF01D /* TabBarPresenter.swift in Sources */,
				0ACB986524549DE2007BF01D /* TabBarViewProtocol.swift in Sources */,
				36A37EF8261CCC2300BB7C15 /* LitreDrinkAwardDataSource.swift in Sources */,
				3644493F25FFC54D006E1B0F /* Date+Extensions.swift in Sources */,
				0AD151172454EFE300F45042 /* TrendsPresenterProtocol.swift in Sources */,
				0A44B3962457631C0023433A /* ProgressRingView.swift in Sources */,
				36A0A92A261B578A00F1BE8B /* FiveHundredDrinksAwardDataSource.swift in Sources */,
				36A37EF5261CCA8600BB7C15 /* SevenUniqueDrinksAwardDataSource.swift in Sources */,
				36538D04260CB0D300CFB656 /* UserDefaultsControllerProtocol.swift in Sources */,
				362A52A125EFA59800B6AA8D /* CoreDataControllerProtocol.swift in Sources */,
				36A37EF2261CCA0F00BB7C15 /* FiveUniqueDrinksAwardDataSource.swift in Sources */,
				0ACB986D2454AEEB007BF01D /* DarkTabBarController.swift in Sources */,
				0AD151122454EFB400F45042 /* TrendsScreenBuilder.swift in Sources */,
				0ACB986724549DED007BF01D /* TabBarPresenterProtocol.swift in Sources */,
				36538D13260CDBC700CFB656 /* OnboardingPagesViewProtocol.swift in Sources */,
				364E80BD2623487400954E8B /* GradientView.swift in Sources */,
				364BB8002621CEFD009CAEE6 /* SettingsDetailScreenBuilder.swift in Sources */,
				3655D96E2610DCF7002B95EE /* OnboardingPage4Cell.swift in Sources */,
				36538D1C260CDBE200CFB656 /* OnboardingPagesPresenter.swift in Sources */,
				36A37EFB261CCC7000BB7C15 /* FiftymlDrinkAwardDataSource.swift in Sources */,
				36538D19260CDBDC00CFB656 /* OnboardingPagesView.swift in Sources */,
				365F642F262079BD00A9B4C0 /* SettingsCell.swift in Sources */,
				3677D439260630E10086E89A /* DrinksCell.swift in Sources */,
				3655D96B2610B6AB002B95EE /* OnboardingPage3Cell.swift in Sources */,
				3665E6BE261DF94000DB6971 /* AwardsDetailPresenter.swift in Sources */,
				0ACB9857245468EC007BF01D /* HistoryPresenter.swift in Sources */,
				3665E6BB261DF93700DB6971 /* AwardsDetailViewProtocol.swift in Sources */,
				0AD151192454EFEB00F45042 /* TrendsView.swift in Sources */,
				362A52A525EFA68100B6AA8D /* Drip.xcdatamodeld in Sources */,
				0A8BEA942455D45A00AA9880 /* SettingsScreenBuilder.swift in Sources */,
				36538D0C260CDAD300CFB656 /* OnboardingPagesScreenBuilder.swift in Sources */,
				362A52DE25EFAA2600B6AA8D /* CoreDataController.swift in Sources */,
				36A0A937261B59B900F1BE8B /* NinetyDayStreakAwardDataSource.swift in Sources */,
				0AD151152454EFDC00F45042 /* TrendsViewProtocol.swift in Sources */,
				366DFC30260B8945009BEAC5 /* UserDefaultsController.swift in Sources */,
				0ACB9853245468DC007BF01D /* HistoryPresenterProtocol.swift in Sources */,
				362BF72C260DF1D40065183D /* OnboardingPage2Cell.swift in Sources */,
				36877C2225F917E300918E04 /* TrendsHeaderView.swift in Sources */,
				0ACB9855245468E7007BF01D /* HistoryView.swift in Sources */,
				0ACB984A245467F5007BF01D /* ScreenBuilder.swift in Sources */,
				364BB8082621EA52009CAEE6 /* SettingsDetailViewProtocol.swift in Sources */,
				36A37EEF261CC98100BB7C15 /* ThreeUniqueDrinksAwardDataSource.swift in Sources */,
				364E80C0262354B500954E8B /* DrinksList.swift in Sources */,
				3644EA38261BB85E00E257CC /* Day+CoreDataClass.swift in Sources */,
				0A8BEA842455D24A00AA9880 /* AwardsPresenter.swift in Sources */,
				3680E0CD24B3BF50009E9DB8 /* UIColor+Extensions.swift in Sources */,
				3644EA35261BB85E00E257CC /* Award+CoreDataProperties.swift in Sources */,
				0A8BEA932455D45A00AA9880 /* SettingsPresenterProtocol.swift in Sources */,
				0A8BEA832455D24A00AA9880 /* AwardsView.swift in Sources */,
				36A0A92D261B584400F1BE8B /* SevenDayBestAwardDataSource.swift in Sources */,
				0ACB9851245468AF007BF01D /* HistoryViewProtocol.swift in Sources */,
				3675583A260D15F40099C61A /* OnboardingPage1Cell.swift in Sources */,
				0A8BEA922455D45A00AA9880 /* SettingsViewProtocol.swift in Sources */,
				0A8BEA822455D24A00AA9880 /* AwardsPresenterProtocol.swift in Sources */,
				0A2B8B752454D8E200D9E8E7 /* TodayView.swift in Sources */,
				36A0A921261B565200F1BE8B /* FiftyDrinksAwardDataSource.swift in Sources */,
				364BB80E2621EA61009CAEE6 /* SettingsDetailPresenterProtocol.swift in Sources */,
				3680E0CB24B3BC2E009E9DB8 /* UIFont+Extensions.swift in Sources */,
				0ACB9848245467D6007BF01D /* ViewControllerName.swift in Sources */,
				0A2B8B772454D8F300D9E8E7 /* TodayPresenter.swift in Sources */,
				0ACB985B24547236007BF01D /* DarkNavController.swift in Sources */,
				3677D43C260631230086E89A /* QuickDrinkView.swift in Sources */,
			);
			runOnlyForDeploymentPostprocessing = 0;
		};
		0ACB983024546719007BF01D /* Sources */ = {
			isa = PBXSourcesBuildPhase;
			buildActionMask = 2147483647;
			files = (
				36830E6E2612005900E55C7A /* OnboardingPagesPresenterTestCase.swift in Sources */,
				3657BFD82625C4EE00C9B7AA /* SettingsPresenterTestCase.swift in Sources */,
				3605E3F42600E14B00FFE3C2 /* TrendsScreenBuilderTestCase.swift in Sources */,
				36406025261208D000C00117 /* MockUserDefaultsController.swift in Sources */,
				364A927C256BE91400F84985 /* TodayScreenBuilderTestCase.swift in Sources */,
				360CAA0225F69F9900C7676A /* HistoryScreenBuilderTestCase.swift in Sources */,
				36830E692611FFF600E55C7A /* OnboardingScreenBuilderTestCase.swift in Sources */,
				36C1F6EF261E007A00224846 /* AwardsDetailPresenterTestCase.swift in Sources */,
				36C1F6EA261E005300224846 /* AwardsDetailScreenBuilderTestCase.swift in Sources */,
				360CAA0825F6A01300C7676A /* HistoryPresenterTestCase.swift in Sources */,
				36905775261DE267001FE2C6 /* AwardsScreenBuilderTestCase.swift in Sources */,
				3605E3F92600E22400FFE3C2 /* TrendsPresenterTestCase.swift in Sources */,
				3690577A261DE2A8001FE2C6 /* AwardsPresenterTestCase.swift in Sources */,
				3657BFD32625C49500C9B7AA /* SettingsScreenBuilderTestCase.swift in Sources */,
				364A9280256BE93500F84985 /* TodayPresenterTestCase.swift in Sources */,
			);
			runOnlyForDeploymentPostprocessing = 0;
		};
/* End PBXSourcesBuildPhase section */

/* Begin PBXTargetDependency section */
		0ACB983624546719007BF01D /* PBXTargetDependency */ = {
			isa = PBXTargetDependency;
			target = 0ACB981D24546717007BF01D /* Drip */;
			targetProxy = 0ACB983524546719007BF01D /* PBXContainerItemProxy */;
		};
/* End PBXTargetDependency section */

/* Begin PBXVariantGroup section */
		0ACB982C24546719007BF01D /* LaunchScreen.storyboard */ = {
			isa = PBXVariantGroup;
			children = (
				0ACB982D24546719007BF01D /* Base */,
			);
			name = LaunchScreen.storyboard;
			sourceTree = "<group>";
		};
/* End PBXVariantGroup section */

/* Begin XCBuildConfiguration section */
		0ACB983B24546719007BF01D /* Debug */ = {
			isa = XCBuildConfiguration;
			buildSettings = {
				ALWAYS_SEARCH_USER_PATHS = NO;
				CLANG_ANALYZER_NONNULL = YES;
				CLANG_ANALYZER_NUMBER_OBJECT_CONVERSION = YES_AGGRESSIVE;
				CLANG_CXX_LANGUAGE_STANDARD = "gnu++14";
				CLANG_CXX_LIBRARY = "libc++";
				CLANG_ENABLE_MODULES = YES;
				CLANG_ENABLE_OBJC_ARC = YES;
				CLANG_ENABLE_OBJC_WEAK = YES;
				CLANG_WARN_BLOCK_CAPTURE_AUTORELEASING = YES;
				CLANG_WARN_BOOL_CONVERSION = YES;
				CLANG_WARN_COMMA = YES;
				CLANG_WARN_CONSTANT_CONVERSION = YES;
				CLANG_WARN_DEPRECATED_OBJC_IMPLEMENTATIONS = YES;
				CLANG_WARN_DIRECT_OBJC_ISA_USAGE = YES_ERROR;
				CLANG_WARN_DOCUMENTATION_COMMENTS = YES;
				CLANG_WARN_EMPTY_BODY = YES;
				CLANG_WARN_ENUM_CONVERSION = YES;
				CLANG_WARN_INFINITE_RECURSION = YES;
				CLANG_WARN_INT_CONVERSION = YES;
				CLANG_WARN_NON_LITERAL_NULL_CONVERSION = YES;
				CLANG_WARN_OBJC_IMPLICIT_RETAIN_SELF = YES;
				CLANG_WARN_OBJC_LITERAL_CONVERSION = YES;
				CLANG_WARN_OBJC_ROOT_CLASS = YES_ERROR;
				CLANG_WARN_QUOTED_INCLUDE_IN_FRAMEWORK_HEADER = YES;
				CLANG_WARN_RANGE_LOOP_ANALYSIS = YES;
				CLANG_WARN_STRICT_PROTOTYPES = YES;
				CLANG_WARN_SUSPICIOUS_MOVE = YES;
				CLANG_WARN_UNGUARDED_AVAILABILITY = YES_AGGRESSIVE;
				CLANG_WARN_UNREACHABLE_CODE = YES;
				CLANG_WARN__DUPLICATE_METHOD_MATCH = YES;
				COPY_PHASE_STRIP = NO;
				DEBUG_INFORMATION_FORMAT = dwarf;
				ENABLE_STRICT_OBJC_MSGSEND = YES;
				ENABLE_TESTABILITY = YES;
				GCC_C_LANGUAGE_STANDARD = gnu11;
				GCC_DYNAMIC_NO_PIC = NO;
				GCC_NO_COMMON_BLOCKS = YES;
				GCC_OPTIMIZATION_LEVEL = 0;
				GCC_PREPROCESSOR_DEFINITIONS = (
					"DEBUG=1",
					"$(inherited)",
				);
				GCC_WARN_64_TO_32_BIT_CONVERSION = YES;
				GCC_WARN_ABOUT_RETURN_TYPE = YES_ERROR;
				GCC_WARN_UNDECLARED_SELECTOR = YES;
				GCC_WARN_UNINITIALIZED_AUTOS = YES_AGGRESSIVE;
				GCC_WARN_UNUSED_FUNCTION = YES;
				GCC_WARN_UNUSED_VARIABLE = YES;
				IPHONEOS_DEPLOYMENT_TARGET = 14.1;
				MTL_ENABLE_DEBUG_INFO = INCLUDE_SOURCE;
				MTL_FAST_MATH = YES;
				ONLY_ACTIVE_ARCH = YES;
				SDKROOT = iphoneos;
				SWIFT_ACTIVE_COMPILATION_CONDITIONS = DEBUG;
				SWIFT_OPTIMIZATION_LEVEL = "-Onone";
			};
			name = Debug;
		};
		0ACB983C24546719007BF01D /* Release */ = {
			isa = XCBuildConfiguration;
			buildSettings = {
				ALWAYS_SEARCH_USER_PATHS = NO;
				CLANG_ANALYZER_NONNULL = YES;
				CLANG_ANALYZER_NUMBER_OBJECT_CONVERSION = YES_AGGRESSIVE;
				CLANG_CXX_LANGUAGE_STANDARD = "gnu++14";
				CLANG_CXX_LIBRARY = "libc++";
				CLANG_ENABLE_MODULES = YES;
				CLANG_ENABLE_OBJC_ARC = YES;
				CLANG_ENABLE_OBJC_WEAK = YES;
				CLANG_WARN_BLOCK_CAPTURE_AUTORELEASING = YES;
				CLANG_WARN_BOOL_CONVERSION = YES;
				CLANG_WARN_COMMA = YES;
				CLANG_WARN_CONSTANT_CONVERSION = YES;
				CLANG_WARN_DEPRECATED_OBJC_IMPLEMENTATIONS = YES;
				CLANG_WARN_DIRECT_OBJC_ISA_USAGE = YES_ERROR;
				CLANG_WARN_DOCUMENTATION_COMMENTS = YES;
				CLANG_WARN_EMPTY_BODY = YES;
				CLANG_WARN_ENUM_CONVERSION = YES;
				CLANG_WARN_INFINITE_RECURSION = YES;
				CLANG_WARN_INT_CONVERSION = YES;
				CLANG_WARN_NON_LITERAL_NULL_CONVERSION = YES;
				CLANG_WARN_OBJC_IMPLICIT_RETAIN_SELF = YES;
				CLANG_WARN_OBJC_LITERAL_CONVERSION = YES;
				CLANG_WARN_OBJC_ROOT_CLASS = YES_ERROR;
				CLANG_WARN_QUOTED_INCLUDE_IN_FRAMEWORK_HEADER = YES;
				CLANG_WARN_RANGE_LOOP_ANALYSIS = YES;
				CLANG_WARN_STRICT_PROTOTYPES = YES;
				CLANG_WARN_SUSPICIOUS_MOVE = YES;
				CLANG_WARN_UNGUARDED_AVAILABILITY = YES_AGGRESSIVE;
				CLANG_WARN_UNREACHABLE_CODE = YES;
				CLANG_WARN__DUPLICATE_METHOD_MATCH = YES;
				COPY_PHASE_STRIP = NO;
				DEBUG_INFORMATION_FORMAT = "dwarf-with-dsym";
				ENABLE_NS_ASSERTIONS = NO;
				ENABLE_STRICT_OBJC_MSGSEND = YES;
				GCC_C_LANGUAGE_STANDARD = gnu11;
				GCC_NO_COMMON_BLOCKS = YES;
				GCC_WARN_64_TO_32_BIT_CONVERSION = YES;
				GCC_WARN_ABOUT_RETURN_TYPE = YES_ERROR;
				GCC_WARN_UNDECLARED_SELECTOR = YES;
				GCC_WARN_UNINITIALIZED_AUTOS = YES_AGGRESSIVE;
				GCC_WARN_UNUSED_FUNCTION = YES;
				GCC_WARN_UNUSED_VARIABLE = YES;
				IPHONEOS_DEPLOYMENT_TARGET = 14.1;
				MTL_ENABLE_DEBUG_INFO = NO;
				MTL_FAST_MATH = YES;
				SDKROOT = iphoneos;
				SWIFT_COMPILATION_MODE = wholemodule;
				SWIFT_OPTIMIZATION_LEVEL = "-O";
				VALIDATE_PRODUCT = YES;
			};
			name = Release;
		};
		0ACB983E24546719007BF01D /* Debug */ = {
			isa = XCBuildConfiguration;
			buildSettings = {
				ASSETCATALOG_COMPILER_APPICON_NAME = AppIcon;
				CODE_SIGN_STYLE = Automatic;
				DEVELOPMENT_TEAM = BC6TS7F3K4;
				INFOPLIST_FILE = Drip/Info.plist;
				IPHONEOS_DEPLOYMENT_TARGET = 14.1;
				LD_RUNPATH_SEARCH_PATHS = (
					"$(inherited)",
					"@executable_path/Frameworks",
				);
				MARKETING_VERSION = 0.0.1;
				PRODUCT_BUNDLE_IDENTIFIER = kaimanmehmet.Drip;
				PRODUCT_NAME = "$(TARGET_NAME)";
				SWIFT_VERSION = 5.0;
				TARGETED_DEVICE_FAMILY = 1;
			};
			name = Debug;
		};
		0ACB983F24546719007BF01D /* Release */ = {
			isa = XCBuildConfiguration;
			buildSettings = {
				ASSETCATALOG_COMPILER_APPICON_NAME = AppIcon;
				CODE_SIGN_STYLE = Automatic;
				DEVELOPMENT_TEAM = BC6TS7F3K4;
				INFOPLIST_FILE = Drip/Info.plist;
				IPHONEOS_DEPLOYMENT_TARGET = 14.1;
				LD_RUNPATH_SEARCH_PATHS = (
					"$(inherited)",
					"@executable_path/Frameworks",
				);
				MARKETING_VERSION = 0.0.1;
				PRODUCT_BUNDLE_IDENTIFIER = kaimanmehmet.Drip;
				PRODUCT_NAME = "$(TARGET_NAME)";
				SWIFT_VERSION = 5.0;
				TARGETED_DEVICE_FAMILY = 1;
			};
			name = Release;
		};
		0ACB984124546719007BF01D /* Debug */ = {
			isa = XCBuildConfiguration;
			buildSettings = {
				ALWAYS_EMBED_SWIFT_STANDARD_LIBRARIES = YES;
				BUNDLE_LOADER = "$(TEST_HOST)";
				CODE_SIGN_STYLE = Automatic;
				DEVELOPMENT_TEAM = BC6TS7F3K4;
				INFOPLIST_FILE = DripTests/Info.plist;
				IPHONEOS_DEPLOYMENT_TARGET = 14.1;
				LD_RUNPATH_SEARCH_PATHS = (
					"$(inherited)",
					"@executable_path/Frameworks",
					"@loader_path/Frameworks",
				);
				PRODUCT_BUNDLE_IDENTIFIER = kaimanmehmet.DripTests;
				PRODUCT_NAME = "$(TARGET_NAME)";
				SWIFT_VERSION = 5.0;
				TARGETED_DEVICE_FAMILY = "1,2";
				TEST_HOST = "$(BUILT_PRODUCTS_DIR)/Drip.app/Drip";
			};
			name = Debug;
		};
		0ACB984224546719007BF01D /* Release */ = {
			isa = XCBuildConfiguration;
			buildSettings = {
				ALWAYS_EMBED_SWIFT_STANDARD_LIBRARIES = YES;
				BUNDLE_LOADER = "$(TEST_HOST)";
				CODE_SIGN_STYLE = Automatic;
				DEVELOPMENT_TEAM = BC6TS7F3K4;
				INFOPLIST_FILE = DripTests/Info.plist;
				IPHONEOS_DEPLOYMENT_TARGET = 14.1;
				LD_RUNPATH_SEARCH_PATHS = (
					"$(inherited)",
					"@executable_path/Frameworks",
					"@loader_path/Frameworks",
				);
				PRODUCT_BUNDLE_IDENTIFIER = kaimanmehmet.DripTests;
				PRODUCT_NAME = "$(TARGET_NAME)";
				SWIFT_VERSION = 5.0;
				TARGETED_DEVICE_FAMILY = "1,2";
				TEST_HOST = "$(BUILT_PRODUCTS_DIR)/Drip.app/Drip";
			};
			name = Release;
		};
/* End XCBuildConfiguration section */

/* Begin XCConfigurationList section */
		0ACB981924546717007BF01D /* Build configuration list for PBXProject "Drip" */ = {
			isa = XCConfigurationList;
			buildConfigurations = (
				0ACB983B24546719007BF01D /* Debug */,
				0ACB983C24546719007BF01D /* Release */,
			);
			defaultConfigurationIsVisible = 0;
			defaultConfigurationName = Release;
		};
		0ACB983D24546719007BF01D /* Build configuration list for PBXNativeTarget "Drip" */ = {
			isa = XCConfigurationList;
			buildConfigurations = (
				0ACB983E24546719007BF01D /* Debug */,
				0ACB983F24546719007BF01D /* Release */,
			);
			defaultConfigurationIsVisible = 0;
			defaultConfigurationName = Release;
		};
		0ACB984024546719007BF01D /* Build configuration list for PBXNativeTarget "DripTests" */ = {
			isa = XCConfigurationList;
			buildConfigurations = (
				0ACB984124546719007BF01D /* Debug */,
				0ACB984224546719007BF01D /* Release */,
			);
			defaultConfigurationIsVisible = 0;
			defaultConfigurationName = Release;
		};
/* End XCConfigurationList section */

/* Begin XCRemoteSwiftPackageReference section */
		3644F1DE26101FAD0012FF09 /* XCRemoteSwiftPackageReference "FSCalendar" */ = {
			isa = XCRemoteSwiftPackageReference;
			repositoryURL = "https://github.com/WenchaoD/FSCalendar";
			requirement = {
				kind = revision;
				revision = c4a443ac79bd62e483093aa3916aaa7347f1645e;
			};
		};
		36A0A943261B6C3E00F1BE8B /* XCRemoteSwiftPackageReference "SwiftConfettiView" */ = {
			isa = XCRemoteSwiftPackageReference;
			repositoryURL = "https://github.com/theoriginalbit/SwiftConfettiView.git";
			requirement = {
				kind = upToNextMajorVersion;
				minimumVersion = 0.2.0;
			};
		};
/* End XCRemoteSwiftPackageReference section */

/* Begin XCSwiftPackageProductDependency section */
		3644F1DF26101FAD0012FF09 /* FSCalendar */ = {
			isa = XCSwiftPackageProductDependency;
			package = 3644F1DE26101FAD0012FF09 /* XCRemoteSwiftPackageReference "FSCalendar" */;
			productName = FSCalendar;
		};
		36A0A944261B6C3E00F1BE8B /* SwiftConfettiView */ = {
			isa = XCSwiftPackageProductDependency;
			package = 36A0A943261B6C3E00F1BE8B /* XCRemoteSwiftPackageReference "SwiftConfettiView" */;
			productName = SwiftConfettiView;
		};
/* End XCSwiftPackageProductDependency section */

/* Begin XCVersionGroup section */
		362A52A325EFA68100B6AA8D /* Drip.xcdatamodeld */ = {
			isa = XCVersionGroup;
			children = (
				362A52A425EFA68100B6AA8D /* Drip.xcdatamodel */,
			);
			currentVersion = 362A52A425EFA68100B6AA8D /* Drip.xcdatamodel */;
			path = Drip.xcdatamodeld;
			sourceTree = "<group>";
			versionGroupType = wrapper.xcdatamodel;
		};
/* End XCVersionGroup section */
	};
	rootObject = 0ACB981624546717007BF01D /* Project object */;
}
