{
  "object": {
    "pins": [
      {
        "package": "FSCalendar",
        "repositoryURL": "https://github.com/WenchaoD/FSCalendar",
        "state": {
          "branch": null,
          "revision": "c4a443ac79bd62e483093aa3916aaa7347f1645e",
          "version": null
        }
      }
    ]
  },
  "version": 1
}
