{
  "object": {
    "pins": [
      {
        "package": "ConfettiView",
        "repositoryURL": "https://github.com/NSHipster/ConfettiView.git",
        "state": {
          "branch": null,
          "revision": "fa2994301c6747ec70fe86b25559f57c9d3ff178",
          "version": "0.3.0"
        }
      },
      {
        "package": "FSCalendar",
        "repositoryURL": "https://github.com/WenchaoD/FSCalendar",
        "state": {
          "branch": null,
          "revision": "c4a443ac79bd62e483093aa3916aaa7347f1645e",
          "version": null
        }
      }
    ]
  },
  "version": 1
}
